{
  "version": 4,
  "terraform_version": "1.14.9",
  "serial": 42,
  "lineage": "b2f4fcb5-e247-6950-d145-ce16d5f1fff7",
  "outputs": {
    "Jenkins_public_ip": {
      "value": "47.129.183.120",
      "type": "string"
    },
    "Nexus_public_ip": {
      "value": "13.212.251.12",
      "type": "string"
    },
    "Sonarcube_public_ip": {
      "value": "54.151.244.65",
      "type": "string"
    },
    "cluster_id": {
      "value": "devops-cluster",
      "type": "string"
    },
    "node_group_id": {
      "value": "devops-cluster:devops-node-group",
      "type": "string"
    }
  },
  "resources": [
    {
      "mode": "data",
      "type": "aws_ami",
      "name": "ami",
      "provider": "provider[\"registry.terraform.io/hashicorp/aws\"]",
      "instances": [
        {
          "schema_version": 0,
          "attributes": {
            "allow_unsafe_filter": null,
            "architecture": "x86_64",
            "arn": "arn:aws:ec2:ap-southeast-1::image/ami-0b63ddeab4f8a92db",
            "block_device_mappings": [
              {
                "device_name": "/dev/sda1",
                "ebs": {
                  "delete_on_termination": "true",
                  "encrypted": "false",
                  "iops": "0",
                  "snapshot_id": "snap-07a16f1514a909aed",
                  "throughput": "0",
                  "volume_initialization_rate": "0",
                  "volume_size": "8",
                  "volume_type": "gp2"
                },
                "no_device": "",
                "virtual_name": ""
              },
              {
                "device_name": "/dev/sdb",
                "ebs": {},
                "no_device": "",
                "virtual_name": "ephemeral0"
              },
              {
                "device_name": "/dev/sdc",
                "ebs": {},
                "no_device": "",
                "virtual_name": "ephemeral1"
              }
            ],
            "boot_mode": "uefi-preferred",
            "creation_date": "2026-04-24T07:03:12.000Z",
            "deprecation_time": "2028-04-24T07:03:12.000Z",
            "description": "Canonical, Ubuntu, 22.04, amd64 jammy image",
            "ena_support": true,
            "executable_users": null,
            "filter": [
              {
                "name": "name",
                "values": [
                  "ubuntu/images/hvm-ssd/ubuntu-jammy-22.04-amd64-server-*"
                ]
              }
            ],
            "hypervisor": "xen",
            "id": "ami-0b63ddeab4f8a92db",
            "image_id": "ami-0b63ddeab4f8a92db",
            "image_location": "amazon/ubuntu/images/hvm-ssd/ubuntu-jammy-22.04-amd64-server-20260424",
            "image_owner_alias": "amazon",
            "image_type": "machine",
            "imds_support": "",
            "include_deprecated": false,
            "kernel_id": "",
            "last_launched_time": "",
            "most_recent": true,
            "name": "ubuntu/images/hvm-ssd/ubuntu-jammy-22.04-amd64-server-20260424",
            "name_regex": null,
            "owner_id": "099720109477",
            "owners": [
              "099720109477"
            ],
            "platform": "",
            "platform_details": "Linux/UNIX",
            "product_codes": [],
            "public": true,
            "ramdisk_id": "",
            "region": "ap-southeast-1",
            "root_device_name": "/dev/sda1",
            "root_device_type": "ebs",
            "root_snapshot_id": "snap-07a16f1514a909aed",
            "sriov_net_support": "simple",
            "state": "available",
            "state_reason": {
              "code": "UNSET",
              "message": "UNSET"
            },
            "tags": {},
            "timeouts": null,
            "tpm_support": "",
            "uefi_data": null,
            "usage_operation": "RunInstances",
            "virtualization_type": "hvm"
          },
          "sensitive_attributes": [],
          "identity_schema_version": 0
        }
      ]
    },
    {
      "mode": "managed",
      "type": "aws_eks_cluster",
      "name": "devops",
      "provider": "provider[\"registry.terraform.io/hashicorp/aws\"]",
      "instances": [
        {
          "schema_version": 1,
          "attributes": {
            "access_config": [
              {
                "authentication_mode": "CONFIG_MAP",
                "bootstrap_cluster_creator_admin_permissions": true
              }
            ],
            "arn": "arn:aws:eks:ap-southeast-1:292535187300:cluster/devops-cluster",
            "bootstrap_self_managed_addons": true,
            "certificate_authority": [
              {
                "data": "LS0tLS1CRUdJTiBDRVJUSUZJQ0FURS0tLS0tCk1JSURCVENDQWUyZ0F3SUJBZ0lJZDJ5eHJSWjU1and3RFFZSktvWklodmNOQVFFTEJRQXdGVEVUTUJFR0ExVUUKQXhNS2EzVmlaWEp1WlhSbGN6QWVGdzB5TmpBME1qa3dPVEk1TVRaYUZ3MHpOakEwTWpZd09UTTBNVFphTUJVeApFekFSQmdOVkJBTVRDbXQxWW1WeWJtVjBaWE13Z2dFaU1BMEdDU3FHU0liM0RRRUJBUVVBQTRJQkR3QXdnZ0VLCkFvSUJBUUNnQzd0OHRiOHZRSXAzTFlRYzhCVy9LNjRodkJ5b2FRMThOS2xBMm81eWEyVFhSaS80bzF3MVNpUVAKRGNnaUdBbDArVTh2U3Nsemx1Umtkdldkd3Nibk5lVjhrL1FzNkMySndVZnhBYkV5T1NVck9iVkFNeDR2UVUySQpxRUNMUFRhSHg1cTA5aFVQQjZUdTUxVEppRDFraVcraEJGcytKVDdEWTdjSzlTallsdzczNkJtOXlmRjBSWGNoCm9aVjd2aTJWQ0tjQTQ1c0ZRa0V6N08xZTJNWVBtbTZqMk9ZcUlDRkxhcXRQZmsxSHNicnZZK0lCOExHU0JHcVUKb09VVzJ5bjk2VmJIVGlYa2ZENzMrMWZXajEzWmYzeU1CY25ZZTk0UTg5UU0yb1VyRC9PQTVPcTJ2R2swNkk4SQpramFBZDcxajJoTVlhQ0FJL2RDb1BpRlRtMzRSQWdNQkFBR2pXVEJYTUE0R0ExVWREd0VCL3dRRUF3SUNwREFQCkJnTlZIUk1CQWY4RUJUQURBUUgvTUIwR0ExVWREZ1FXQkJSVXl2cDAxVmJYalhtSk5FcURwcDJPNVNiTFpEQVYKQmdOVkhSRUVEakFNZ2dwcmRXSmxjbTVsZEdWek1BMEdDU3FHU0liM0RRRUJDd1VBQTRJQkFRQXlkQW8za1VjZQpjdjh4cnJXbHVBWVZGdDdYcGlqWllmYU82L1VOYjBMNFlwZHFQbGlYU0xvRThwVU1wVXlQRHBuRlo1UUoxTHJhCmRHUU9kSzlkVExlK2FJRU5QR0owVXRJZXl4T2N2Mm5jV1hXVXdkUk1vcGJXRGZ3SUxkaFc2RWI5RWVweGw4dnIKZlNvaEg3Z1pWWVdwaFdNNUN2R2JRNHFPZExwaUgzUi8yZGxReDJQYUZTaU1GVjhoTHFqK0U1MWtNYlNHTjNlbgpibmN1RnEzUmFZdTV4UjVrOHd0V3ZtUFpFNVVwUjRrREhPeWJodjExdnREVldxUUFIQ2VEZTJEa3VzaVdLT3NGCm9SUkRXdXZOaXZWRDBMV0l0dXZwNmtINWZ6Q0daZ3ZSS0hFNkFIbGszK2taU0JRV0Jid3N6WmZLUTRZRTMyVUIKT1dNbno5d1ZBWGUvCi0tLS0tRU5EIENFUlRJRklDQVRFLS0tLS0K"
              }
            ],
            "cluster_id": null,
            "compute_config": [
              {
                "enabled": false,
                "node_pools": [],
                "node_role_arn": ""
              }
            ],
            "control_plane_scaling_config": [
              {
                "tier": "standard"
              }
            ],
            "created_at": "2026-04-29T09:30:18Z",
            "deletion_protection": false,
            "enabled_cluster_log_types": [],
            "encryption_config": [],
            "endpoint": "https://C063F6A4F79EDC4D49CF1F0EBDE71719.gr7.ap-southeast-1.eks.amazonaws.com",
            "force_update_version": null,
            "id": "devops-cluster",
            "identity": [
              {
                "oidc": [
                  {
                    "issuer": "https://oidc.eks.ap-southeast-1.amazonaws.com/id/C063F6A4F79EDC4D49CF1F0EBDE71719"
                  }
                ]
              }
            ],
            "kubernetes_network_config": [
              {
                "elastic_load_balancing": [
                  {
                    "enabled": false
                  }
                ],
                "ip_family": "ipv4",
                "service_ipv4_cidr": "172.20.0.0/16",
                "service_ipv6_cidr": ""
              }
            ],
            "name": "devops-cluster",
            "outpost_config": [],
            "platform_version": "eks.10",
            "region": "ap-southeast-1",
            "remote_network_config": [],
            "role_arn": "arn:aws:iam::292535187300:role/devops-cluster-role",
            "status": "ACTIVE",
            "storage_config": [
              {
                "block_storage": [
                  {
                    "enabled": false
                  }
                ]
              }
            ],
            "tags": {},
            "tags_all": {},
            "timeouts": null,
            "upgrade_policy": [
              {
                "support_type": "EXTENDED"
              }
            ],
            "version": "1.35",
            "vpc_config": [
              {
                "cluster_security_group_id": "sg-074788a5255f3c35d",
                "endpoint_private_access": false,
                "endpoint_public_access": true,
                "public_access_cidrs": [
                  "0.0.0.0/0"
                ],
                "security_group_ids": [
                  "sg-038f9efc0156241d5"
                ],
                "subnet_ids": [
                  "subnet-0b32dba38bc754075",
                  "subnet-0f3d4844f9c1cddf1"
                ],
                "vpc_id": "vpc-09f80fc6516c81852"
              }
            ],
            "zonal_shift_config": []
          },
          "sensitive_attributes": [],
          "identity_schema_version": 0,
          "identity": {
            "account_id": "292535187300",
            "name": "devops-cluster",
            "region": "ap-southeast-1"
          },
          "private": "eyJlMmJmYjczMC1lY2FhLTExZTYtOGY4OC0zNDM2M2JjN2M0YzAiOnsiY3JlYXRlIjoxODAwMDAwMDAwMDAwLCJkZWxldGUiOjkwMDAwMDAwMDAwMCwidXBkYXRlIjozNjAwMDAwMDAwMDAwfSwic2NoZW1hX3ZlcnNpb24iOiIxIn0=",
          "dependencies": [
            "aws_iam_role.devops_cluster_role",
            "aws_security_group.eks_cluster_sg",
            "aws_subnet.public-subnet",
            "aws_vpc.vpc"
          ]
        }
      ]
    },
    {
      "mode": "managed",
      "type": "aws_eks_node_group",
      "name": "devops",
      "provider": "provider[\"registry.terraform.io/hashicorp/aws\"]",
      "instances": [
        {
          "schema_version": 0,
          "attributes": {
            "ami_type": "AL2023_x86_64_STANDARD",
            "arn": "arn:aws:eks:ap-southeast-1:292535187300:nodegroup/devops-cluster/devops-node-group/8eceec4c-a415-8792-556e-2e790980ffbd",
            "capacity_type": "ON_DEMAND",
            "cluster_name": "devops-cluster",
            "disk_size": 20,
            "force_update_version": null,
            "id": "devops-cluster:devops-node-group",
            "instance_types": [
              "t3.small"
            ],
            "labels": {},
            "launch_template": [],
            "node_group_name": "devops-node-group",
            "node_group_name_prefix": "",
            "node_repair_config": [],
            "node_role_arn": "arn:aws:iam::292535187300:role/devops-node-group-role",
            "region": "ap-southeast-1",
            "release_version": "1.35.4-20260423",
            "remote_access": [
              {
                "ec2_ssh_key": "elvin-poc-keypair",
                "source_security_group_ids": [
                  "sg-09464316075559c54"
                ]
              }
            ],
            "resources": [
              {
                "autoscaling_groups": [
                  {
                    "name": "eks-devops-node-group-8eceec4c-a415-8792-556e-2e790980ffbd"
                  }
                ],
                "remote_access_security_group_id": "sg-0ccf2d838d3ba4cd5"
              }
            ],
            "scaling_config": [
              {
                "desired_size": 1,
                "max_size": 1,
                "min_size": 1
              }
            ],
            "status": "ACTIVE",
            "subnet_ids": [
              "subnet-0b32dba38bc754075",
              "subnet-0f3d4844f9c1cddf1"
            ],
            "tags": {},
            "tags_all": {},
            "taint": [],
            "timeouts": null,
            "update_config": [
              {
                "max_unavailable": 1,
                "max_unavailable_percentage": 0,
                "update_strategy": ""
              }
            ],
            "version": "1.35"
          },
          "sensitive_attributes": [],
          "identity_schema_version": 0,
          "identity": {
            "account_id": "292535187300",
            "cluster_name": "devops-cluster",
            "node_group_name": "devops-node-group",
            "region": "ap-southeast-1"
          },
          "private": "eyJlMmJmYjczMC1lY2FhLTExZTYtOGY4OC0zNDM2M2JjN2M0YzAiOnsiY3JlYXRlIjozNjAwMDAwMDAwMDAwLCJkZWxldGUiOjM2MDAwMDAwMDAwMDAsInVwZGF0ZSI6MzYwMDAwMDAwMDAwMH19",
          "dependencies": [
            "aws_eks_cluster.devops",
            "aws_iam_role.devops_cluster_role",
            "aws_iam_role.devops_node_group_role",
            "aws_security_group.eks_cluster_sg",
            "aws_security_group.eks_node_sg",
            "aws_subnet.public-subnet",
            "aws_vpc.vpc"
          ]
        }
      ]
    },
    {
      "mode": "managed",
      "type": "aws_iam_instance_profile",
      "name": "instance-profile",
      "provider": "provider[\"registry.terraform.io/hashicorp/aws\"]",
      "instances": [
        {
          "schema_version": 0,
          "attributes": {
            "arn": "arn:aws:iam::292535187300:instance-profile/jenkins-server-instance-profile",
            "create_date": "2026-04-29T09:12:24Z",
            "id": "jenkins-server-instance-profile",
            "name": "jenkins-server-instance-profile",
            "name_prefix": "",
            "path": "/",
            "role": "jenkins-server-iam-role",
            "tags": {},
            "tags_all": {},
            "unique_id": "AIPAUIHDUW5SKC6KOZAUU"
          },
          "sensitive_attributes": [],
          "identity_schema_version": 0,
          "identity": {
            "account_id": "292535187300",
            "name": "jenkins-server-instance-profile"
          },
          "private": "bnVsbA==",
          "dependencies": [
            "aws_iam_role.iam-role"
          ]
        }
      ]
    },
    {
      "mode": "managed",
      "type": "aws_iam_role",
      "name": "devops_cluster_role",
      "provider": "provider[\"registry.terraform.io/hashicorp/aws\"]",
      "instances": [
        {
          "schema_version": 0,
          "attributes": {
            "arn": "arn:aws:iam::292535187300:role/devops-cluster-role",
            "assume_role_policy": "{\"Statement\":[{\"Action\":\"sts:AssumeRole\",\"Effect\":\"Allow\",\"Principal\":{\"Service\":\"eks.amazonaws.com\"}}],\"Version\":\"2012-10-17\"}",
            "create_date": "2026-04-29T09:30:14Z",
            "description": "",
            "force_detach_policies": false,
            "id": "devops-cluster-role",
            "inline_policy": [],
            "managed_policy_arns": [
              "arn:aws:iam::aws:policy/AmazonEKSClusterPolicy"
            ],
            "max_session_duration": 3600,
            "name": "devops-cluster-role",
            "name_prefix": "",
            "path": "/",
            "permissions_boundary": "",
            "tags": {},
            "tags_all": {},
            "unique_id": "AROAUIHDUW5SEZZIWEXUJ"
          },
          "sensitive_attributes": [],
          "identity_schema_version": 0,
          "identity": {
            "account_id": "292535187300",
            "name": "devops-cluster-role"
          },
          "private": "bnVsbA=="
        }
      ]
    },
    {
      "mode": "managed",
      "type": "aws_iam_role",
      "name": "devops_node_group_role",
      "provider": "provider[\"registry.terraform.io/hashicorp/aws\"]",
      "instances": [
        {
          "schema_version": 0,
          "attributes": {
            "arn": "arn:aws:iam::292535187300:role/devops-node-group-role",
            "assume_role_policy": "{\"Statement\":[{\"Action\":\"sts:AssumeRole\",\"Effect\":\"Allow\",\"Principal\":{\"Service\":\"ec2.amazonaws.com\"}}],\"Version\":\"2012-10-17\"}",
            "create_date": "2026-04-29T09:30:14Z",
            "description": "",
            "force_detach_policies": false,
            "id": "devops-node-group-role",
            "inline_policy": [],
            "managed_policy_arns": [
              "arn:aws:iam::aws:policy/AmazonEC2ContainerRegistryReadOnly",
              "arn:aws:iam::aws:policy/AmazonEKSWorkerNodePolicy",
              "arn:aws:iam::aws:policy/AmazonEKS_CNI_Policy"
            ],
            "max_session_duration": 3600,
            "name": "devops-node-group-role",
            "name_prefix": "",
            "path": "/",
            "permissions_boundary": "",
            "tags": {},
            "tags_all": {},
            "unique_id": "AROAUIHDUW5SAD3ZERRRO"
          },
          "sensitive_attributes": [],
          "identity_schema_version": 0,
          "identity": {
            "account_id": "292535187300",
            "name": "devops-node-group-role"
          },
          "private": "bnVsbA=="
        }
      ]
    },
    {
      "mode": "managed",
      "type": "aws_iam_role",
      "name": "iam-role",
      "provider": "provider[\"registry.terraform.io/hashicorp/aws\"]",
      "instances": [
        {
          "schema_version": 0,
          "attributes": {
            "arn": "arn:aws:iam::292535187300:role/jenkins-server-iam-role",
            "assume_role_policy": "{\"Statement\":[{\"Action\":\"sts:AssumeRole\",\"Effect\":\"Allow\",\"Principal\":{\"Service\":\"ec2.amazonaws.com\"}}],\"Version\":\"2012-10-17\"}",
            "create_date": "2026-04-29T09:12:23Z",
            "description": "",
            "force_detach_policies": false,
            "id": "jenkins-server-iam-role",
            "inline_policy": [],
            "managed_policy_arns": [
              "arn:aws:iam::aws:policy/AmazonSSMManagedInstanceCore"
            ],
            "max_session_duration": 3600,
            "name": "jenkins-server-iam-role",
            "name_prefix": "",
            "path": "/",
            "permissions_boundary": "",
            "tags": {},
            "tags_all": {},
            "unique_id": "AROAUIHDUW5SCCYE22LUH"
          },
          "sensitive_attributes": [],
          "identity_schema_version": 0,
          "identity": {
            "account_id": "292535187300",
            "name": "jenkins-server-iam-role"
          },
          "private": "bnVsbA=="
        }
      ]
    },
    {
      "mode": "managed",
      "type": "aws_iam_role_policy_attachment",
      "name": "devops_cluster_role_policy",
      "provider": "provider[\"registry.terraform.io/hashicorp/aws\"]",
      "instances": [
        {
          "schema_version": 0,
          "attributes": {
            "id": "devops-cluster-role/arn:aws:iam::aws:policy/AmazonEKSClusterPolicy",
            "policy_arn": "arn:aws:iam::aws:policy/AmazonEKSClusterPolicy",
            "role": "devops-cluster-role"
          },
          "sensitive_attributes": [],
          "identity_schema_version": 0,
          "identity": {
            "account_id": "292535187300",
            "policy_arn": "arn:aws:iam::aws:policy/AmazonEKSClusterPolicy",
            "role": "devops-cluster-role"
          },
          "private": "bnVsbA==",
          "dependencies": [
            "aws_iam_role.devops_cluster_role"
          ]
        }
      ]
    },
    {
      "mode": "managed",
      "type": "aws_iam_role_policy_attachment",
      "name": "devops_node_group_cni_policy",
      "provider": "provider[\"registry.terraform.io/hashicorp/aws\"]",
      "instances": [
        {
          "schema_version": 0,
          "attributes": {
            "id": "devops-node-group-role/arn:aws:iam::aws:policy/AmazonEKS_CNI_Policy",
            "policy_arn": "arn:aws:iam::aws:policy/AmazonEKS_CNI_Policy",
            "role": "devops-node-group-role"
          },
          "sensitive_attributes": [],
          "identity_schema_version": 0,
          "identity": {
            "account_id": "292535187300",
            "policy_arn": "arn:aws:iam::aws:policy/AmazonEKS_CNI_Policy",
            "role": "devops-node-group-role"
          },
          "private": "bnVsbA==",
          "dependencies": [
            "aws_iam_role.devops_node_group_role"
          ]
        }
      ]
    },
    {
      "mode": "managed",
      "type": "aws_iam_role_policy_attachment",
      "name": "devops_node_group_registry_policy",
      "provider": "provider[\"registry.terraform.io/hashicorp/aws\"]",
      "instances": [
        {
          "schema_version": 0,
          "attributes": {
            "id": "devops-node-group-role/arn:aws:iam::aws:policy/AmazonEC2ContainerRegistryReadOnly",
            "policy_arn": "arn:aws:iam::aws:policy/AmazonEC2ContainerRegistryReadOnly",
            "role": "devops-node-group-role"
          },
          "sensitive_attributes": [],
          "identity_schema_version": 0,
          "identity": {
            "account_id": "292535187300",
            "policy_arn": "arn:aws:iam::aws:policy/AmazonEC2ContainerRegistryReadOnly",
            "role": "devops-node-group-role"
          },
          "private": "bnVsbA==",
          "dependencies": [
            "aws_iam_role.devops_node_group_role"
          ]
        }
      ]
    },
    {
      "mode": "managed",
      "type": "aws_iam_role_policy_attachment",
      "name": "devops_node_group_role_policy",
      "provider": "provider[\"registry.terraform.io/hashicorp/aws\"]",
      "instances": [
        {
          "schema_version": 0,
          "attributes": {
            "id": "devops-node-group-role/arn:aws:iam::aws:policy/AmazonEKSWorkerNodePolicy",
            "policy_arn": "arn:aws:iam::aws:policy/AmazonEKSWorkerNodePolicy",
            "role": "devops-node-group-role"
          },
          "sensitive_attributes": [],
          "identity_schema_version": 0,
          "identity": {
            "account_id": "292535187300",
            "policy_arn": "arn:aws:iam::aws:policy/AmazonEKSWorkerNodePolicy",
            "role": "devops-node-group-role"
          },
          "private": "bnVsbA==",
          "dependencies": [
            "aws_iam_role.devops_node_group_role"
          ]
        }
      ]
    },
    {
      "mode": "managed",
      "type": "aws_iam_role_policy_attachment",
      "name": "ssm_policy_attachment",
      "provider": "provider[\"registry.terraform.io/hashicorp/aws\"]",
      "instances": [
        {
          "schema_version": 0,
          "attributes": {
            "id": "jenkins-server-iam-role/arn:aws:iam::aws:policy/AmazonSSMManagedInstanceCore",
            "policy_arn": "arn:aws:iam::aws:policy/AmazonSSMManagedInstanceCore",
            "role": "jenkins-server-iam-role"
          },
          "sensitive_attributes": [],
          "identity_schema_version": 0,
          "identity": {
            "account_id": "292535187300",
            "policy_arn": "arn:aws:iam::aws:policy/AmazonSSMManagedInstanceCore",
            "role": "jenkins-server-iam-role"
          },
          "private": "bnVsbA==",
          "dependencies": [
            "aws_iam_role.iam-role"
          ]
        }
      ]
    },
    {
      "mode": "managed",
      "type": "aws_instance",
      "name": "ec2",
      "provider": "provider[\"registry.terraform.io/hashicorp/aws\"]",
      "instances": [
        {
          "schema_version": 2,
          "attributes": {
            "ami": "ami-0b63ddeab4f8a92db",
            "arn": "arn:aws:ec2:ap-southeast-1:292535187300:instance/i-089b2d79f7d281f63",
            "associate_public_ip_address": true,
            "availability_zone": "ap-southeast-1a",
            "capacity_reservation_specification": [
              {
                "capacity_reservation_preference": "open",
                "capacity_reservation_target": []
              }
            ],
            "cpu_options": [
              {
                "amd_sev_snp": "",
                "core_count": 1,
                "nested_virtualization": "",
                "threads_per_core": 2
              }
            ],
            "credit_specification": [
              {
                "cpu_credits": "unlimited"
              }
            ],
            "disable_api_stop": false,
            "disable_api_termination": false,
            "ebs_block_device": [],
            "ebs_optimized": false,
            "enable_primary_ipv6": null,
            "enclave_options": [
              {
                "enabled": false
              }
            ],
            "ephemeral_block_device": [],
            "force_destroy": false,
            "get_password_data": false,
            "hibernation": false,
            "host_id": "",
            "host_resource_group_arn": null,
            "iam_instance_profile": "jenkins-server-instance-profile",
            "id": "i-089b2d79f7d281f63",
            "instance_initiated_shutdown_behavior": "stop",
            "instance_lifecycle": "",
            "instance_market_options": [],
            "instance_state": "running",
            "instance_type": "t3.small",
            "ipv6_address_count": 0,
            "ipv6_addresses": [],
            "key_name": "elvin-poc-keypair",
            "launch_template": [],
            "maintenance_options": [
              {
                "auto_recovery": "default"
              }
            ],
            "metadata_options": [
              {
                "http_endpoint": "enabled",
                "http_protocol_ipv6": "disabled",
                "http_put_response_hop_limit": 1,
                "http_tokens": "optional",
                "instance_metadata_tags": "disabled"
              }
            ],
            "monitoring": false,
            "network_interface": [],
            "outpost_arn": "",
            "password_data": "",
            "placement_group": "",
            "placement_group_id": "",
            "placement_partition_number": 0,
            "primary_network_interface": [
              {
                "delete_on_termination": true,
                "network_interface_id": "eni-0f5ecbf39f6d491e4"
              }
            ],
            "primary_network_interface_id": "eni-0f5ecbf39f6d491e4",
            "private_dns": "ip-10-0-0-187.ap-southeast-1.compute.internal",
            "private_dns_name_options": [
              {
                "enable_resource_name_dns_a_record": false,
                "enable_resource_name_dns_aaaa_record": false,
                "hostname_type": "ip-name"
              }
            ],
            "private_ip": "10.0.0.187",
            "public_dns": "",
            "public_ip": "47.129.183.120",
            "region": "ap-southeast-1",
            "root_block_device": [
              {
                "delete_on_termination": true,
                "device_name": "/dev/sda1",
                "encrypted": false,
                "iops": 100,
                "kms_key_id": "",
                "tags": {},
                "tags_all": {},
                "throughput": 0,
                "volume_id": "vol-0b3b4bf93031378b8",
                "volume_size": 30,
                "volume_type": "gp2"
              }
            ],
            "secondary_network_interface": [],
            "secondary_private_ips": [],
            "security_groups": [],
            "source_dest_check": true,
            "spot_instance_request_id": "",
            "subnet_id": "subnet-0f3d4844f9c1cddf1",
            "tags": {
              "Name": "Jenkins-Master"
            },
            "tags_all": {
              "Name": "Jenkins-Master"
            },
            "tenancy": "default",
            "timeouts": null,
            "user_data": "#!/bin/bash\n# For Ubuntu 22.04\n# Intsalling Java\nsudo apt update -y\nsudo apt-get install -y openjdk-21-jdk -y\njava --version\n\n# Installing Jenkins\nsudo wget -O /etc/apt/keyrings/jenkins-keyring.asc \\\n  https://pkg.jenkins.io/debian-stable/jenkins.io-2026.key\necho \"deb [signed-by=/etc/apt/keyrings/jenkins-keyring.asc]\" \\\n  https://pkg.jenkins.io/debian-stable binary/ | sudo tee \\\n  /etc/apt/sources.list.d/jenkins.list \u003e /dev/null\nsudo apt update\nsudo apt install jenkins -y\njenkins --version\n\n# Start Jenkins\nsudo systemctl enable jenkins\nsudo systemctl start jenkins\n\n\n# Installing AWS CLI\n#!/bin/bash\ncurl \"https://awscli.amazonaws.com/awscli-exe-linux-x86_64.zip\" -o \"awscliv2.zip\"\nsudo apt install unzip -y\nunzip awscliv2.zip\nsudo ./aws/install\n\n\n\n",
            "user_data_base64": null,
            "user_data_replace_on_change": false,
            "volume_tags": null,
            "vpc_security_group_ids": [
              "sg-03ee5eade18abcd65"
            ]
          },
          "sensitive_attributes": [],
          "identity_schema_version": 0,
          "identity": {
            "account_id": "292535187300",
            "id": "i-089b2d79f7d281f63",
            "region": "ap-southeast-1"
          },
          "private": "eyJlMmJmYjczMC1lY2FhLTExZTYtOGY4OC0zNDM2M2JjN2M0YzAiOnsiY3JlYXRlIjo2MDAwMDAwMDAwMDAsImRlbGV0ZSI6MTIwMDAwMDAwMDAwMCwicmVhZCI6OTAwMDAwMDAwMDAwLCJ1cGRhdGUiOjYwMDAwMDAwMDAwMH0sInNjaGVtYV92ZXJzaW9uIjoiMiJ9",
          "dependencies": [
            "aws_iam_instance_profile.instance-profile",
            "aws_iam_role.iam-role",
            "aws_key_pair.ec2_key_pair",
            "aws_security_group.security-group",
            "aws_subnet.public-subnet",
            "aws_vpc.vpc",
            "data.aws_ami.ami",
            "tls_private_key.ec2_key"
          ]
        }
      ]
    },
    {
      "mode": "managed",
      "type": "aws_instance",
      "name": "ec2_nexus",
      "provider": "provider[\"registry.terraform.io/hashicorp/aws\"]",
      "instances": [
        {
          "schema_version": 2,
          "attributes": {
            "ami": "ami-0b63ddeab4f8a92db",
            "arn": "arn:aws:ec2:ap-southeast-1:292535187300:instance/i-050e2dbb5c5249b67",
            "associate_public_ip_address": true,
            "availability_zone": "ap-southeast-1a",
            "capacity_reservation_specification": [
              {
                "capacity_reservation_preference": "open",
                "capacity_reservation_target": []
              }
            ],
            "cpu_options": [
              {
                "amd_sev_snp": "",
                "core_count": 1,
                "nested_virtualization": "",
                "threads_per_core": 2
              }
            ],
            "credit_specification": [
              {
                "cpu_credits": "unlimited"
              }
            ],
            "disable_api_stop": false,
            "disable_api_termination": false,
            "ebs_block_device": [],
            "ebs_optimized": false,
            "enable_primary_ipv6": null,
            "enclave_options": [
              {
                "enabled": false
              }
            ],
            "ephemeral_block_device": [],
            "force_destroy": false,
            "get_password_data": false,
            "hibernation": false,
            "host_id": "",
            "host_resource_group_arn": null,
            "iam_instance_profile": "jenkins-server-instance-profile",
            "id": "i-050e2dbb5c5249b67",
            "instance_initiated_shutdown_behavior": "stop",
            "instance_lifecycle": "",
            "instance_market_options": [],
            "instance_state": "running",
            "instance_type": "c7i-flex.large",
            "ipv6_address_count": 0,
            "ipv6_addresses": [],
            "key_name": "elvin-poc-keypair",
            "launch_template": [],
            "maintenance_options": [
              {
                "auto_recovery": "default"
              }
            ],
            "metadata_options": [
              {
                "http_endpoint": "enabled",
                "http_protocol_ipv6": "disabled",
                "http_put_response_hop_limit": 1,
                "http_tokens": "optional",
                "instance_metadata_tags": "disabled"
              }
            ],
            "monitoring": false,
            "network_interface": [],
            "outpost_arn": "",
            "password_data": "",
            "placement_group": "",
            "placement_group_id": "",
            "placement_partition_number": 0,
            "primary_network_interface": [
              {
                "delete_on_termination": true,
                "network_interface_id": "eni-0df8f931ce7f6e69c"
              }
            ],
            "primary_network_interface_id": "eni-0df8f931ce7f6e69c",
            "private_dns": "ip-10-0-0-52.ap-southeast-1.compute.internal",
            "private_dns_name_options": [
              {
                "enable_resource_name_dns_a_record": false,
                "enable_resource_name_dns_aaaa_record": false,
                "hostname_type": "ip-name"
              }
            ],
            "private_ip": "10.0.0.52",
            "public_dns": "",
            "public_ip": "13.212.251.12",
            "region": "ap-southeast-1",
            "root_block_device": [
              {
                "delete_on_termination": true,
                "device_name": "/dev/sda1",
                "encrypted": false,
                "iops": 100,
                "kms_key_id": "",
                "tags": {},
                "tags_all": {},
                "throughput": 0,
                "volume_id": "vol-0a06c8a0755bed1d4",
                "volume_size": 30,
                "volume_type": "gp2"
              }
            ],
            "secondary_network_interface": [],
            "secondary_private_ips": [],
            "security_groups": [],
            "source_dest_check": true,
            "spot_instance_request_id": "",
            "subnet_id": "subnet-0f3d4844f9c1cddf1",
            "tags": {
              "Name": "Nexus"
            },
            "tags_all": {
              "Name": "Nexus"
            },
            "tenancy": "default",
            "timeouts": null,
            "user_data": "#!/bin/bash\n# Add Docker's official GPG key:\nsudo apt update\nsudo apt install ca-certificates curl -y\nsudo install -m 0755 -d /etc/apt/keyrings -y\nsudo curl -fsSL https://download.docker.com/linux/ubuntu/gpg -o /etc/apt/keyrings/docker.asc\nsudo chmod a+r /etc/apt/keyrings/docker.asc\n\n# Add the repository to Apt sources:\nsudo tee /etc/apt/sources.list.d/docker.sources \u003c\u003cEOF\nTypes: deb\nURIs: https://download.docker.com/linux/ubuntu\nSuites: $(. /etc/os-release \u0026\u0026 echo \"${UBUNTU_CODENAME:-$$VERSION_CODENAME}\")\nComponents: stable\nArchitectures: $(dpkg --print-architecture)\nSigned-By: /etc/apt/keyrings/docker.asc\nEOF\n\nsudo apt update\n\n#Install Docker Packages\nsudo apt install docker-ce docker-ce-cli containerd.io docker-buildx-plugin docker-compose-plugin -y\nsudo systemctl status docker\nsudo systemctl start docker\n\n# Run nexus\nsudo docker run -d -p 8081:8081 sonatype/nexus3",
            "user_data_base64": null,
            "user_data_replace_on_change": false,
            "volume_tags": null,
            "vpc_security_group_ids": [
              "sg-03ee5eade18abcd65"
            ]
          },
          "sensitive_attributes": [],
          "identity_schema_version": 0,
          "identity": {
            "account_id": "292535187300",
            "id": "i-050e2dbb5c5249b67",
            "region": "ap-southeast-1"
          },
          "private": "eyJlMmJmYjczMC1lY2FhLTExZTYtOGY4OC0zNDM2M2JjN2M0YzAiOnsiY3JlYXRlIjo2MDAwMDAwMDAwMDAsImRlbGV0ZSI6MTIwMDAwMDAwMDAwMCwicmVhZCI6OTAwMDAwMDAwMDAwLCJ1cGRhdGUiOjYwMDAwMDAwMDAwMH0sInNjaGVtYV92ZXJzaW9uIjoiMiJ9",
          "dependencies": [
            "aws_iam_instance_profile.instance-profile",
            "aws_iam_role.iam-role",
            "aws_key_pair.ec2_key_pair",
            "aws_security_group.security-group",
            "aws_subnet.public-subnet",
            "aws_vpc.vpc",
            "data.aws_ami.ami",
            "tls_private_key.ec2_key"
          ]
        }
      ]
    },
    {
      "mode": "managed",
      "type": "aws_instance",
      "name": "ec2_sonarcube",
      "provider": "provider[\"registry.terraform.io/hashicorp/aws\"]",
      "instances": [
        {
          "schema_version": 2,
          "attributes": {
            "ami": "ami-0b63ddeab4f8a92db",
            "arn": "arn:aws:ec2:ap-southeast-1:292535187300:instance/i-0b8302d99d2c927ac",
            "associate_public_ip_address": true,
            "availability_zone": "ap-southeast-1a",
            "capacity_reservation_specification": [
              {
                "capacity_reservation_preference": "open",
                "capacity_reservation_target": []
              }
            ],
            "cpu_options": [
              {
                "amd_sev_snp": "",
                "core_count": 1,
                "nested_virtualization": "",
                "threads_per_core": 2
              }
            ],
            "credit_specification": [
              {
                "cpu_credits": "unlimited"
              }
            ],
            "disable_api_stop": false,
            "disable_api_termination": false,
            "ebs_block_device": [],
            "ebs_optimized": false,
            "enable_primary_ipv6": null,
            "enclave_options": [
              {
                "enabled": false
              }
            ],
            "ephemeral_block_device": [],
            "force_destroy": false,
            "get_password_data": false,
            "hibernation": false,
            "host_id": "",
            "host_resource_group_arn": null,
            "iam_instance_profile": "jenkins-server-instance-profile",
            "id": "i-0b8302d99d2c927ac",
            "instance_initiated_shutdown_behavior": "stop",
            "instance_lifecycle": "",
            "instance_market_options": [],
            "instance_state": "running",
            "instance_type": "c7i-flex.large",
            "ipv6_address_count": 0,
            "ipv6_addresses": [],
            "key_name": "elvin-poc-keypair",
            "launch_template": [],
            "maintenance_options": [
              {
                "auto_recovery": "default"
              }
            ],
            "metadata_options": [
              {
                "http_endpoint": "enabled",
                "http_protocol_ipv6": "disabled",
                "http_put_response_hop_limit": 1,
                "http_tokens": "optional",
                "instance_metadata_tags": "disabled"
              }
            ],
            "monitoring": false,
            "network_interface": [],
            "outpost_arn": "",
            "password_data": "",
            "placement_group": "",
            "placement_group_id": "",
            "placement_partition_number": 0,
            "primary_network_interface": [
              {
                "delete_on_termination": true,
                "network_interface_id": "eni-03f956f349f9045b3"
              }
            ],
            "primary_network_interface_id": "eni-03f956f349f9045b3",
            "private_dns": "ip-10-0-0-67.ap-southeast-1.compute.internal",
            "private_dns_name_options": [
              {
                "enable_resource_name_dns_a_record": false,
                "enable_resource_name_dns_aaaa_record": false,
                "hostname_type": "ip-name"
              }
            ],
            "private_ip": "10.0.0.67",
            "public_dns": "",
            "public_ip": "54.151.244.65",
            "region": "ap-southeast-1",
            "root_block_device": [
              {
                "delete_on_termination": true,
                "device_name": "/dev/sda1",
                "encrypted": false,
                "iops": 100,
                "kms_key_id": "",
                "tags": {},
                "tags_all": {},
                "throughput": 0,
                "volume_id": "vol-07543687dfc5fadc8",
                "volume_size": 30,
                "volume_type": "gp2"
              }
            ],
            "secondary_network_interface": [],
            "secondary_private_ips": [],
            "security_groups": [],
            "source_dest_check": true,
            "spot_instance_request_id": "",
            "subnet_id": "subnet-0f3d4844f9c1cddf1",
            "tags": {
              "Name": "Sonarcube"
            },
            "tags_all": {
              "Name": "Sonarcube"
            },
            "tenancy": "default",
            "timeouts": null,
            "user_data": "#!/bin/bash\n# Add Docker's official GPG key:\nsudo apt update\nsudo apt install ca-certificates curl -y\nsudo install -m 0755 -d /etc/apt/keyrings -y\nsudo curl -fsSL https://download.docker.com/linux/ubuntu/gpg -o /etc/apt/keyrings/docker.asc\nsudo chmod a+r /etc/apt/keyrings/docker.asc\n\n# Add the repository to Apt sources:\nsudo tee /etc/apt/sources.list.d/docker.sources \u003c\u003cEOF\nTypes: deb\nURIs: https://download.docker.com/linux/ubuntu\nSuites: $(. /etc/os-release \u0026\u0026 echo \"${UBUNTU_CODENAME:-$$VERSION_CODENAME}\")\nComponents: stable\nArchitectures: $(dpkg --print-architecture)\nSigned-By: /etc/apt/keyrings/docker.asc\nEOF\n\nsudo apt update\n\n#Install Docker Packages\nsudo apt install docker-ce docker-ce-cli containerd.io docker-buildx-plugin docker-compose-plugin -y\nsudo systemctl status docker\nsudo systemctl start docker\n\n# Run sonarcube\nsudo docker run -d -p 9000:9000 sonarqube:lts-community",
            "user_data_base64": null,
            "user_data_replace_on_change": false,
            "volume_tags": null,
            "vpc_security_group_ids": [
              "sg-03ee5eade18abcd65"
            ]
          },
          "sensitive_attributes": [],
          "identity_schema_version": 0,
          "identity": {
            "account_id": "292535187300",
            "id": "i-0b8302d99d2c927ac",
            "region": "ap-southeast-1"
          },
          "private": "eyJlMmJmYjczMC1lY2FhLTExZTYtOGY4OC0zNDM2M2JjN2M0YzAiOnsiY3JlYXRlIjo2MDAwMDAwMDAwMDAsImRlbGV0ZSI6MTIwMDAwMDAwMDAwMCwicmVhZCI6OTAwMDAwMDAwMDAwLCJ1cGRhdGUiOjYwMDAwMDAwMDAwMH0sInNjaGVtYV92ZXJzaW9uIjoiMiJ9",
          "dependencies": [
            "aws_iam_instance_profile.instance-profile",
            "aws_iam_role.iam-role",
            "aws_key_pair.ec2_key_pair",
            "aws_security_group.security-group",
            "aws_subnet.public-subnet",
            "aws_vpc.vpc",
            "data.aws_ami.ami",
            "tls_private_key.ec2_key"
          ]
        }
      ]
    },
    {
      "mode": "managed",
      "type": "aws_internet_gateway",
      "name": "igw",
      "provider": "provider[\"registry.terraform.io/hashicorp/aws\"]",
      "instances": [
        {
          "schema_version": 0,
          "attributes": {
            "arn": "arn:aws:ec2:ap-southeast-1:292535187300:internet-gateway/igw-0cad376349412521c",
            "id": "igw-0cad376349412521c",
            "owner_id": "292535187300",
            "region": "ap-southeast-1",
            "tags": {},
            "tags_all": {},
            "timeouts": null,
            "vpc_id": "vpc-09f80fc6516c81852"
          },
          "sensitive_attributes": [],
          "identity_schema_version": 0,
          "identity": {
            "account_id": "292535187300",
            "id": "igw-0cad376349412521c",
            "region": "ap-southeast-1"
          },
          "private": "eyJlMmJmYjczMC1lY2FhLTExZTYtOGY4OC0zNDM2M2JjN2M0YzAiOnsiY3JlYXRlIjoxMjAwMDAwMDAwMDAwLCJkZWxldGUiOjEyMDAwMDAwMDAwMDAsInVwZGF0ZSI6MTIwMDAwMDAwMDAwMH19",
          "dependencies": [
            "aws_vpc.vpc"
          ]
        }
      ]
    },
    {
      "mode": "managed",
      "type": "aws_key_pair",
      "name": "ec2_key_pair",
      "provider": "provider[\"registry.terraform.io/hashicorp/aws\"]",
      "instances": [
        {
          "schema_version": 1,
          "attributes": {
            "arn": "arn:aws:ec2:ap-southeast-1:292535187300:key-pair/elvin-poc-keypair",
            "fingerprint": "b4:16:96:4c:39:bf:89:e6:b9:c5:ca:6f:56:e6:54:f2",
            "id": "elvin-poc-keypair",
            "key_name": "elvin-poc-keypair",
            "key_name_prefix": "",
            "key_pair_id": "key-0dff7be558d6b8b7a",
            "key_type": "rsa",
            "public_key": "ssh-rsa AAAAB3NzaC1yc2EAAAADAQABAAACAQDApuhYnte/+oKzN21qPDsRrp0C2GLDgnjlW4NXDkWzidIroi+iLVrxkY77v42ywpa1FttTvncB621o9nTdlSdzhe8GUTv49zVSCCoNgpui4RqZI3dfw07MxVZLg41UtUeWjk8hW8Absn6hyvcW3YR1ix1ph57JAurOMUIhTwhWGyrWrE5XFgAhw6+fyfeugp0My5VPZ9BfNbvTQEls3qF/pq+owafFLxq6wqtC/HL1XjpTQCU7IOoVO+Tbar8qGUGoJiCekkYUXPwIYCREtVhG0URoo1P+BC2RtkNuf06cOp9Njc5nqw8eTU19jUYgeZFUQUpOnQg4K6PNwv47GlG/DdOrw9zsjvNlxPwfjHVpVcRmYZJ5EUyhmtWGs6rAvVoSMvpffA/6zS4xrByIPOBp9xEWuySDESaunAENgm6+g1Cpl4u/Xo3piaGRpZ8p3UntzQx2nXbE4QjbxPZ15F39Z5NEuMYBuEj+FmAyoLv/JpDC8gJ/Wm7xwah6Mqgm6ae5LS5TXLSkXosVfEP1THMArMf+N9uNYmaXyYL1RHoUaAYBWawLuzzzXWkRalv+gleM9nskyI8m6dQ+N+OSLGFTGsVxlkimm2vBrcMbR8JPeCIRiUEynF+3kivMOzwtL0rfjDHnyVIt6otzh1TMlWLV7v4u0+zmIzsPRzNMJXCN6w==",
            "region": "ap-southeast-1",
            "tags": {},
            "tags_all": {}
          },
          "sensitive_attributes": [],
          "identity_schema_version": 0,
          "private": "eyJzY2hlbWFfdmVyc2lvbiI6IjEifQ==",
          "dependencies": [
            "tls_private_key.ec2_key"
          ]
        }
      ]
    },
    {
      "mode": "managed",
      "type": "aws_route_table",
      "name": "rt",
      "provider": "provider[\"registry.terraform.io/hashicorp/aws\"]",
      "instances": [
        {
          "schema_version": 0,
          "attributes": {
            "arn": "arn:aws:ec2:ap-southeast-1:292535187300:route-table/rtb-0f373219be693eca0",
            "id": "rtb-0f373219be693eca0",
            "owner_id": "292535187300",
            "propagating_vgws": [],
            "region": "ap-southeast-1",
            "route": [
              {
                "carrier_gateway_id": "",
                "cidr_block": "0.0.0.0/0",
                "core_network_arn": "",
                "destination_prefix_list_id": "",
                "egress_only_gateway_id": "",
                "gateway_id": "igw-0cad376349412521c",
                "ipv6_cidr_block": "",
                "local_gateway_id": "",
                "nat_gateway_id": "",
                "network_interface_id": "",
                "transit_gateway_id": "",
                "vpc_endpoint_id": "",
                "vpc_peering_connection_id": ""
              }
            ],
            "tags": {},
            "tags_all": {},
            "timeouts": null,
            "vpc_id": "vpc-09f80fc6516c81852"
          },
          "sensitive_attributes": [],
          "identity_schema_version": 0,
          "identity": {
            "account_id": "292535187300",
            "id": "rtb-0f373219be693eca0",
            "region": "ap-southeast-1"
          },
          "private": "eyJlMmJmYjczMC1lY2FhLTExZTYtOGY4OC0zNDM2M2JjN2M0YzAiOnsiY3JlYXRlIjozMDAwMDAwMDAwMDAsImRlbGV0ZSI6MzAwMDAwMDAwMDAwLCJ1cGRhdGUiOjEyMDAwMDAwMDAwMH19",
          "dependencies": [
            "aws_internet_gateway.igw",
            "aws_vpc.vpc"
          ]
        }
      ]
    },
    {
      "mode": "managed",
      "type": "aws_route_table_association",
      "name": "rt-association",
      "provider": "provider[\"registry.terraform.io/hashicorp/aws\"]",
      "instances": [
        {
          "index_key": 0,
          "schema_version": 0,
          "attributes": {
            "gateway_id": "",
            "id": "rtbassoc-01a0de9a7cf887bfb",
            "region": "ap-southeast-1",
            "route_table_id": "rtb-0f373219be693eca0",
            "subnet_id": "subnet-0f3d4844f9c1cddf1",
            "timeouts": null
          },
          "sensitive_attributes": [],
          "identity_schema_version": 0,
          "identity": {
            "account_id": "292535187300",
            "id": "rtbassoc-01a0de9a7cf887bfb",
            "region": "ap-southeast-1"
          },
          "private": "eyJlMmJmYjczMC1lY2FhLTExZTYtOGY4OC0zNDM2M2JjN2M0YzAiOnsiY3JlYXRlIjozMDAwMDAwMDAwMDAsImRlbGV0ZSI6MzAwMDAwMDAwMDAwLCJ1cGRhdGUiOjEyMDAwMDAwMDAwMH19",
          "dependencies": [
            "aws_internet_gateway.igw",
            "aws_route_table.rt",
            "aws_subnet.public-subnet",
            "aws_vpc.vpc"
          ]
        },
        {
          "index_key": 1,
          "schema_version": 0,
          "attributes": {
            "gateway_id": "",
            "id": "rtbassoc-01b404050bff39832",
            "region": "ap-southeast-1",
            "route_table_id": "rtb-0f373219be693eca0",
            "subnet_id": "subnet-0b32dba38bc754075",
            "timeouts": null
          },
          "sensitive_attributes": [],
          "identity_schema_version": 0,
          "identity": {
            "account_id": "292535187300",
            "id": "rtbassoc-01b404050bff39832",
            "region": "ap-southeast-1"
          },
          "private": "eyJlMmJmYjczMC1lY2FhLTExZTYtOGY4OC0zNDM2M2JjN2M0YzAiOnsiY3JlYXRlIjozMDAwMDAwMDAwMDAsImRlbGV0ZSI6MzAwMDAwMDAwMDAwLCJ1cGRhdGUiOjEyMDAwMDAwMDAwMH19",
          "dependencies": [
            "aws_internet_gateway.igw",
            "aws_route_table.rt",
            "aws_subnet.public-subnet",
            "aws_vpc.vpc"
          ]
        }
      ]
    },
    {
      "mode": "managed",
      "type": "aws_security_group",
      "name": "eks_cluster_sg",
      "provider": "provider[\"registry.terraform.io/hashicorp/aws\"]",
      "instances": [
        {
          "schema_version": 1,
          "attributes": {
            "arn": "arn:aws:ec2:ap-southeast-1:292535187300:security-group/sg-038f9efc0156241d5",
            "description": "Managed by Terraform",
            "egress": [
              {
                "cidr_blocks": [
                  "0.0.0.0/0"
                ],
                "description": "",
                "from_port": 0,
                "ipv6_cidr_blocks": [],
                "prefix_list_ids": [],
                "protocol": "-1",
                "security_groups": [],
                "self": false,
                "to_port": 0
              }
            ],
            "id": "sg-038f9efc0156241d5",
            "ingress": [],
            "name": "terraform-20260429091223555900000002",
            "name_prefix": "terraform-",
            "owner_id": "292535187300",
            "region": "ap-southeast-1",
            "revoke_rules_on_delete": false,
            "tags": {},
            "tags_all": {},
            "timeouts": null,
            "vpc_id": "vpc-09f80fc6516c81852"
          },
          "sensitive_attributes": [],
          "identity_schema_version": 0,
          "identity": {
            "account_id": "292535187300",
            "id": "sg-038f9efc0156241d5",
            "region": "ap-southeast-1"
          },
          "private": "eyJlMmJmYjczMC1lY2FhLTExZTYtOGY4OC0zNDM2M2JjN2M0YzAiOnsiY3JlYXRlIjo2MDAwMDAwMDAwMDAsImRlbGV0ZSI6OTAwMDAwMDAwMDAwfSwic2NoZW1hX3ZlcnNpb24iOiIxIn0=",
          "dependencies": [
            "aws_vpc.vpc"
          ]
        }
      ]
    },
    {
      "mode": "managed",
      "type": "aws_security_group",
      "name": "eks_node_sg",
      "provider": "provider[\"registry.terraform.io/hashicorp/aws\"]",
      "instances": [
        {
          "schema_version": 1,
          "attributes": {
            "arn": "arn:aws:ec2:ap-southeast-1:292535187300:security-group/sg-09464316075559c54",
            "description": "Managed by Terraform",
            "egress": [
              {
                "cidr_blocks": [
                  "0.0.0.0/0"
                ],
                "description": "",
                "from_port": 0,
                "ipv6_cidr_blocks": [],
                "prefix_list_ids": [],
                "protocol": "-1",
                "security_groups": [],
                "self": false,
                "to_port": 0
              }
            ],
            "id": "sg-09464316075559c54",
            "ingress": [
              {
                "cidr_blocks": [
                  "0.0.0.0/0"
                ],
                "description": "",
                "from_port": 0,
                "ipv6_cidr_blocks": [],
                "prefix_list_ids": [],
                "protocol": "-1",
                "security_groups": [],
                "self": false,
                "to_port": 0
              }
            ],
            "name": "terraform-20260429091223555600000001",
            "name_prefix": "terraform-",
            "owner_id": "292535187300",
            "region": "ap-southeast-1",
            "revoke_rules_on_delete": false,
            "tags": {},
            "tags_all": {},
            "timeouts": null,
            "vpc_id": "vpc-09f80fc6516c81852"
          },
          "sensitive_attributes": [],
          "identity_schema_version": 0,
          "identity": {
            "account_id": "292535187300",
            "id": "sg-09464316075559c54",
            "region": "ap-southeast-1"
          },
          "private": "eyJlMmJmYjczMC1lY2FhLTExZTYtOGY4OC0zNDM2M2JjN2M0YzAiOnsiY3JlYXRlIjo2MDAwMDAwMDAwMDAsImRlbGV0ZSI6OTAwMDAwMDAwMDAwfSwic2NoZW1hX3ZlcnNpb24iOiIxIn0=",
          "dependencies": [
            "aws_vpc.vpc"
          ]
        }
      ]
    },
    {
      "mode": "managed",
      "type": "aws_security_group",
      "name": "security-group",
      "provider": "provider[\"registry.terraform.io/hashicorp/aws\"]",
      "instances": [
        {
          "schema_version": 1,
          "attributes": {
            "arn": "arn:aws:ec2:ap-southeast-1:292535187300:security-group/sg-03ee5eade18abcd65",
            "description": "Allowing Jenkins, Sonarqube, SSH Access",
            "egress": [
              {
                "cidr_blocks": [
                  "0.0.0.0/0"
                ],
                "description": "",
                "from_port": 0,
                "ipv6_cidr_blocks": [],
                "prefix_list_ids": [],
                "protocol": "-1",
                "security_groups": [],
                "self": false,
                "to_port": 0
              }
            ],
            "id": "sg-03ee5eade18abcd65",
            "ingress": [
              {
                "cidr_blocks": [
                  "0.0.0.0/0"
                ],
                "description": "TLS from VPC",
                "from_port": 22,
                "ipv6_cidr_blocks": [
                  "::/0"
                ],
                "prefix_list_ids": [],
                "protocol": "tcp",
                "security_groups": [],
                "self": false,
                "to_port": 22
              },
              {
                "cidr_blocks": [
                  "0.0.0.0/0"
                ],
                "description": "TLS from VPC",
                "from_port": 443,
                "ipv6_cidr_blocks": [
                  "::/0"
                ],
                "prefix_list_ids": [],
                "protocol": "tcp",
                "security_groups": [],
                "self": false,
                "to_port": 443
              },
              {
                "cidr_blocks": [
                  "0.0.0.0/0"
                ],
                "description": "TLS from VPC",
                "from_port": 465,
                "ipv6_cidr_blocks": [
                  "::/0"
                ],
                "prefix_list_ids": [],
                "protocol": "tcp",
                "security_groups": [],
                "self": false,
                "to_port": 465
              },
              {
                "cidr_blocks": [
                  "0.0.0.0/0"
                ],
                "description": "TLS from VPC",
                "from_port": 6443,
                "ipv6_cidr_blocks": [
                  "::/0"
                ],
                "prefix_list_ids": [],
                "protocol": "tcp",
                "security_groups": [],
                "self": false,
                "to_port": 6443
              },
              {
                "cidr_blocks": [
                  "0.0.0.0/0"
                ],
                "description": "TLS from VPC",
                "from_port": 8080,
                "ipv6_cidr_blocks": [
                  "::/0"
                ],
                "prefix_list_ids": [],
                "protocol": "tcp",
                "security_groups": [],
                "self": false,
                "to_port": 8080
              },
              {
                "cidr_blocks": [
                  "0.0.0.0/0"
                ],
                "description": "TLS from VPC",
                "from_port": 8081,
                "ipv6_cidr_blocks": [
                  "::/0"
                ],
                "prefix_list_ids": [],
                "protocol": "tcp",
                "security_groups": [],
                "self": false,
                "to_port": 8081
              },
              {
                "cidr_blocks": [
                  "0.0.0.0/0"
                ],
                "description": "TLS from VPC",
                "from_port": 80,
                "ipv6_cidr_blocks": [
                  "::/0"
                ],
                "prefix_list_ids": [],
                "protocol": "tcp",
                "security_groups": [],
                "self": false,
                "to_port": 80
              },
              {
                "cidr_blocks": [
                  "0.0.0.0/0"
                ],
                "description": "TLS from VPC",
                "from_port": 9000,
                "ipv6_cidr_blocks": [
                  "::/0"
                ],
                "prefix_list_ids": [],
                "protocol": "tcp",
                "security_groups": [],
                "self": false,
                "to_port": 9000
              },
              {
                "cidr_blocks": [
                  "0.0.0.0/0"
                ],
                "description": "TLS from VPC",
                "from_port": 9090,
                "ipv6_cidr_blocks": [
                  "::/0"
                ],
                "prefix_list_ids": [],
                "protocol": "tcp",
                "security_groups": [],
                "self": false,
                "to_port": 9090
              }
            ],
            "name": "terraform-20260429091223562900000003",
            "name_prefix": "terraform-",
            "owner_id": "292535187300",
            "region": "ap-southeast-1",
            "revoke_rules_on_delete": false,
            "tags": {},
            "tags_all": {},
            "timeouts": null,
            "vpc_id": "vpc-09f80fc6516c81852"
          },
          "sensitive_attributes": [],
          "identity_schema_version": 0,
          "identity": {
            "account_id": "292535187300",
            "id": "sg-03ee5eade18abcd65",
            "region": "ap-southeast-1"
          },
          "private": "eyJlMmJmYjczMC1lY2FhLTExZTYtOGY4OC0zNDM2M2JjN2M0YzAiOnsiY3JlYXRlIjo2MDAwMDAwMDAwMDAsImRlbGV0ZSI6OTAwMDAwMDAwMDAwfSwic2NoZW1hX3ZlcnNpb24iOiIxIn0=",
          "dependencies": [
            "aws_vpc.vpc"
          ]
        }
      ]
    },
    {
      "mode": "managed",
      "type": "aws_subnet",
      "name": "public-subnet",
      "provider": "provider[\"registry.terraform.io/hashicorp/aws\"]",
      "instances": [
        {
          "index_key": 0,
          "schema_version": 1,
          "attributes": {
            "arn": "arn:aws:ec2:ap-southeast-1:292535187300:subnet/subnet-0f3d4844f9c1cddf1",
            "assign_ipv6_address_on_creation": false,
            "availability_zone": "ap-southeast-1a",
            "availability_zone_id": "apse1-az2",
            "cidr_block": "10.0.0.0/24",
            "customer_owned_ipv4_pool": "",
            "enable_dns64": false,
            "enable_lni_at_device_index": 0,
            "enable_resource_name_dns_a_record_on_launch": false,
            "enable_resource_name_dns_aaaa_record_on_launch": false,
            "id": "subnet-0f3d4844f9c1cddf1",
            "ipv4_ipam_pool_id": null,
            "ipv4_netmask_length": null,
            "ipv6_cidr_block": "",
            "ipv6_cidr_block_association_id": "",
            "ipv6_ipam_pool_id": null,
            "ipv6_native": false,
            "ipv6_netmask_length": null,
            "map_customer_owned_ip_on_launch": false,
            "map_public_ip_on_launch": true,
            "outpost_arn": "",
            "owner_id": "292535187300",
            "private_dns_hostname_type_on_launch": "ip-name",
            "region": "ap-southeast-1",
            "tags": {},
            "tags_all": {},
            "timeouts": null,
            "vpc_id": "vpc-09f80fc6516c81852"
          },
          "sensitive_attributes": [],
          "identity_schema_version": 0,
          "identity": {
            "account_id": "292535187300",
            "id": "subnet-0f3d4844f9c1cddf1",
            "region": "ap-southeast-1"
          },
          "private": "eyJlMmJmYjczMC1lY2FhLTExZTYtOGY4OC0zNDM2M2JjN2M0YzAiOnsiY3JlYXRlIjo2MDAwMDAwMDAwMDAsImRlbGV0ZSI6MTIwMDAwMDAwMDAwMH0sInNjaGVtYV92ZXJzaW9uIjoiMSJ9",
          "dependencies": [
            "aws_vpc.vpc"
          ]
        },
        {
          "index_key": 1,
          "schema_version": 1,
          "attributes": {
            "arn": "arn:aws:ec2:ap-southeast-1:292535187300:subnet/subnet-0b32dba38bc754075",
            "assign_ipv6_address_on_creation": false,
            "availability_zone": "ap-southeast-1b",
            "availability_zone_id": "apse1-az1",
            "cidr_block": "10.0.1.0/24",
            "customer_owned_ipv4_pool": "",
            "enable_dns64": false,
            "enable_lni_at_device_index": 0,
            "enable_resource_name_dns_a_record_on_launch": false,
            "enable_resource_name_dns_aaaa_record_on_launch": false,
            "id": "subnet-0b32dba38bc754075",
            "ipv4_ipam_pool_id": null,
            "ipv4_netmask_length": null,
            "ipv6_cidr_block": "",
            "ipv6_cidr_block_association_id": "",
            "ipv6_ipam_pool_id": null,
            "ipv6_native": false,
            "ipv6_netmask_length": null,
            "map_customer_owned_ip_on_launch": false,
            "map_public_ip_on_launch": true,
            "outpost_arn": "",
            "owner_id": "292535187300",
            "private_dns_hostname_type_on_launch": "ip-name",
            "region": "ap-southeast-1",
            "tags": {},
            "tags_all": {},
            "timeouts": null,
            "vpc_id": "vpc-09f80fc6516c81852"
          },
          "sensitive_attributes": [],
          "identity_schema_version": 0,
          "identity": {
            "account_id": "292535187300",
            "id": "subnet-0b32dba38bc754075",
            "region": "ap-southeast-1"
          },
          "private": "eyJlMmJmYjczMC1lY2FhLTExZTYtOGY4OC0zNDM2M2JjN2M0YzAiOnsiY3JlYXRlIjo2MDAwMDAwMDAwMDAsImRlbGV0ZSI6MTIwMDAwMDAwMDAwMH0sInNjaGVtYV92ZXJzaW9uIjoiMSJ9",
          "dependencies": [
            "aws_vpc.vpc"
          ]
        }
      ]
    },
    {
      "mode": "managed",
      "type": "aws_vpc",
      "name": "vpc",
      "provider": "provider[\"registry.terraform.io/hashicorp/aws\"]",
      "instances": [
        {
          "schema_version": 1,
          "attributes": {
            "arn": "arn:aws:ec2:ap-southeast-1:292535187300:vpc/vpc-09f80fc6516c81852",
            "assign_generated_ipv6_cidr_block": false,
            "cidr_block": "10.0.0.0/16",
            "default_network_acl_id": "acl-009966ff9766264dd",
            "default_route_table_id": "rtb-01197b981add33001",
            "default_security_group_id": "sg-04c1d449978c8f7e2",
            "dhcp_options_id": "dopt-0bb3a2d36ea1e1b92",
            "enable_dns_hostnames": false,
            "enable_dns_support": true,
            "enable_network_address_usage_metrics": false,
            "id": "vpc-09f80fc6516c81852",
            "instance_tenancy": "default",
            "ipv4_ipam_pool_id": null,
            "ipv4_netmask_length": null,
            "ipv6_association_id": "",
            "ipv6_cidr_block": "",
            "ipv6_cidr_block_network_border_group": "",
            "ipv6_ipam_pool_id": "",
            "ipv6_netmask_length": 0,
            "main_route_table_id": "rtb-01197b981add33001",
            "owner_id": "292535187300",
            "region": "ap-southeast-1",
            "tags": {},
            "tags_all": {}
          },
          "sensitive_attributes": [],
          "identity_schema_version": 0,
          "identity": {
            "account_id": "292535187300",
            "id": "vpc-09f80fc6516c81852",
            "region": "ap-southeast-1"
          },
          "private": "eyJzY2hlbWFfdmVyc2lvbiI6IjEifQ=="
        }
      ]
    },
    {
      "mode": "managed",
      "type": "local_file",
      "name": "private_key",
      "provider": "provider[\"registry.terraform.io/hashicorp/local\"]",
      "instances": [
        {
          "schema_version": 0,
          "attributes": {
            "content": "-----BEGIN RSA PRIVATE KEY-----\nMIIJKgIBAAKCAgEAwKboWJ7Xv/qCszdtajw7Ea6dAthiw4J45VuDVw5Fs4nSK6Iv\noi1a8ZGO+7+NssKWtRbbU753AettaPZ03ZUnc4XvBlE7+Pc1UggqDYKbouEamSN3\nX8NOzMVWS4ONVLVHlo5PIVvAG7J+ocr3Ft2EdYsdaYeeyQLqzjFCIU8IVhsq1qxO\nVxYAIcOvn8n3roKdDMuVT2fQXzW700BJbN6hf6avqMGnxS8ausKrQvxy9V46U0Al\nOyDqFTvk22q/KhlBqCYgnpJGFFz8CGAkRLVYRtFEaKNT/gQtkbZDbn9OnDqfTY3O\nZ6sPHk1NfY1GIHmRVEFKTp0IOCujzcL+OxpRvw3Tq8Pc7I7zZcT8H4x1aVXEZmGS\neRFMoZrVhrOqwL1aEjL6X3wP+s0uMawciDzgafcRFrskgxEmrpwBDYJuvoNQqZeL\nv16N6YmhkaWfKd1J7c0Mdp12xOEI28T2deRd/WeTRLjGAbhI/hZgMqC7/yaQwvIC\nf1pu8cGoejKoJumnuS0uU1y0pF6LFXxD9UxzAKzH/jfbjWJml8mC9UR6FGgGAVms\nC7s8811pEWpb/oJXjPZ7JMiPJunUPjfjkixhUxrFcZZIpptrwa3DG0fCT3giEYlB\nMpxft5IrzDs8LS9K34wx58lSLeqLc4dUzJVi1e7+LtPs5iM7D0czTCVwjesCAwEA\nAQKCAgAmsyCndLkoYn1Q3QiIt7Kx+Z6mzKsCVTpN8JUwrrhHuZ7Tjw/8hxnmvvO3\nFKK1TyuRExdZ+j/TzeQ7mo6dWHIFXdlHLphaieZXJTa1YhA7pvZ93scDIKu6rMWK\nA9InOwc3cjzpGZI8vh18CNab7EHIjvqIkWrPPFvIsdJz+HlXOrvfRduy2MOMBNBJ\ny/uKPciooljLC7Kq/ZNOe3KEgTB2ARj2UHiQPscizyoyGZ5KNfSHdrJD73e2bkKp\n5QajwVEUIxyYXg/f1VH3qMCAYOFr0GvqjSy5MUOqKq/fCYnUDl6j6KGW56Dw2FyB\npRh6O5F7GGaB5j+ZcQLFua7yVnYnDpLRgIGfuCSBuC8eHc5/cry6QD/uCzdtcoP/\nyi0B1HUjUOi4VeBfbcBfZxFIZWsqOHzhAIAo/HbLf0PoSrMeojF8N1KL4UDSHegW\njTQyWj2bbLb2O91SG0i27mC+5JiH6XtiYpZBjwJIFPVGYrAVWKFLyY1WehhXUYPj\n7XQVlTUSD6mKt75cxL8Mgv2RzcN1rT9eE3/CY7Qy0oTVMnLTU7BJoWHkQl2htvkN\n1BP7i5ICf2XbXcs2KiJI0pQ1tSYuV5I4tCKl6+k1BWEWiNgjwlDe+zn/JYvVltzG\ngU0ohgXErkarNuHaDj6v8LdEeQbsMuvkpGzriKBmyR1553VQcQKCAQEA0XeJgobH\ncwHLiojicheMGdTH4csj23+XVJ2v8vv68dxaKaLz0yClyCqUy1GB/koVZoNM0Q6B\nABY7ttbdfggfK8ACZCRePxtHyBmw6vjHZQQCLNnHa0FUaWO/CmJLdRfzRo9TOabZ\nqeNjhz6/z5bUcEASDiRU1zJ+VLr3qKZrbOJlqBIIBV20eZpV6OcrWIhMazRmhFRF\nvQdehCI0OihdGwl1JWgkgEs1aAXah9gIe4Ymq9nM85knl6GCyGZLCuhtHhq+q+Fg\nglTBAYa8FLOD8uPUazop4bJQ0HvPw2uDKdUMgPqfZDWv7bgRl7tsS/jqjHvdOKLK\nJtQhfSqPOnt4mQKCAQEA63MY9DaUnTuEeY3QmTyRjDQgOHLz/8+iBy/DV7hICCRo\n/VfJBo0bYXY9tAkf0jTgYnJXc2gs355c4bcPM2l+byZvELyzyiByrwi7+K+cRdUQ\ns7uyxwioKr3SwZ/T6j0arUUgkx5gNa4OUEGkwPUYzvWokgTwmHRoMFTfozA+zBOH\n5FLK6uP3IDu5pNygqdz8inAeIXAGdKZJapB/j9ThWfHYsJH25fg3P3DFksXtcL8K\nrQSAEkfiFnjpbUCkJqqXbpZGmOaGKPltZo97zhpkaV2PRctAWitxycAPe/ap/5UA\nVN5jS/yGYtx6vZTNgaR3KX45aQMOZwDo5fjjtn05IwKCAQEAmH+ftFCtqnQ3HI/V\n1NyB2liIgUGkxGwa37bB33RGWYlkdwW04BPXvmgJ1hBsRJbpB6414cnebxLAvLen\nn9cH4pEy7Hdxyh3xX6QcoqUmfcuyTbbrsZFphCTjdArmBsS+D7PPEpz/wOjUkCVF\n/jtARMzQmE0pG1celE9eeQFYGnilK/ycrFNxTkrnmt2aOCVbBX2r2VGFSD6yOB6y\nyViTmFiFWgt8745Rvn7sf5PvcQbU5q51wS/SnFkw3vdiUPmwX4d3I6m82oYb0iGm\nkqezO8VU5A//Z9qrbW2GcC642l7KcKiGHK3dfINTA5WnHZSGJmsTPuV9qVEtZHP0\nvM4hmQKCAQEAiMn+tms7Xjnk1iXxCgXpXXYvPfxzC6zaqqgyKjVzC9/zazRkIz05\nqh7i7ETcyuhTcH6TlgXxBB3iQnRzDWB9xx+iKSwonAbL+irt4iZMeTm3EWS8EexS\nnzpXRoyPtqe3ZvEhYrekF6u+vxvUFxKOTjbkr6jVCw2eNm4o24s9AJ1cNudu4pZ8\nzapFSaWwZd9wjRFkP/LwnTa6soGuyqZYIkRiqvqyYZsape3jq0j4kKc9EZXqvjQr\nAvlOTF3gwGIdxm7iJxTO3uFCkPJNcElfCuQDR/40re5NlnPRyyhcTZOIdMYbFFtq\ny+biHGBmIKqnXGDsA7l11ZvusyUtTqlj1wKCAQEAvMrHrJzOZIA/6sV9+klgUGMM\nuAW8XDTdptKCGg+I1dqn0zKss0N51xcIwxKoLpi9DouPVtBfMYIv67JBgPCUU/FS\nXZHtll8eRbq5DmCxhy5Uc+5AYlmF40k4yWB9daZM7QzzUfQV4zGOpR+q7Au+yxMU\nqSZF3z1JH+1B+wwugiRWgniNpESsC9NxL1zCmwMuJTEOer4fDQuDdulcjNYmG0SC\nNIzxQ6zNRmI733OUJ9NRcggOxlUAdtmMTZE0BOJSEpr0yNqf6WkxgT23eAMSFl7S\nhfgCwhUGaoo07i9yXzZ1t54bDjP/+wmsVPKXCheTNW9fPhNkKggC6Tu9aT2NTA==\n-----END RSA PRIVATE KEY-----\n",
            "content_base64": null,
            "content_base64sha256": "z2SNZn2hjY0lpBrBFMGN4TA3oalAoMw5zWQ0tvDWayw=",
            "content_base64sha512": "8lWTb8mBNPrm4Q3jKEowvoLSL5d+0yoe4EM7wTT+FkU/TdeCmuCP72sWxcRb05t+UoRJMbxJMhNsuSR/qyHjJw==",
            "content_md5": "2285088857176ca8574845497c5e45f0",
            "content_sha1": "77ea0aaf35b8d383d65f3143636564abc9fcd475",
            "content_sha256": "cf648d667da18d8d25a41ac114c18de13037a1a940a0cc39cd6434b6f0d66b2c",
            "content_sha512": "f255936fc98134fae6e10de3284a30be82d22f977ed32a1ee0433bc134fe16453f4dd7829ae08fef6b16c5c45bd39b7e52844931bc4932136cb9247fab21e327",
            "directory_permission": "0777",
            "file_permission": "0400",
            "filename": "./elvin-poc-keypair.pem",
            "id": "77ea0aaf35b8d383d65f3143636564abc9fcd475",
            "sensitive_content": null,
            "source": null
          },
          "sensitive_attributes": [
            [
              {
                "type": "get_attr",
                "value": "content"
              }
            ],
            [
              {
                "type": "get_attr",
                "value": "sensitive_content"
              }
            ]
          ],
          "identity_schema_version": 0,
          "dependencies": [
            "tls_private_key.ec2_key"
          ]
        }
      ]
    },
    {
      "mode": "managed",
      "type": "tls_private_key",
      "name": "ec2_key",
      "provider": "provider[\"registry.terraform.io/hashicorp/tls\"]",
      "instances": [
        {
          "schema_version": 1,
          "attributes": {
            "algorithm": "RSA",
            "ecdsa_curve": "P224",
            "id": "4810a6e8228dc3777008841888569d0760b3f0b3",
            "private_key_openssh": "-----BEGIN OPENSSH PRIVATE KEY-----\nb3BlbnNzaC1rZXktdjEAAAAABG5vbmUAAAAEbm9uZQAAAAAAAAABAAACFwAAAAdz\nc2gtcnNhAAAAAwEAAQAAAgEAwKboWJ7Xv/qCszdtajw7Ea6dAthiw4J45VuDVw5F\ns4nSK6Ivoi1a8ZGO+7+NssKWtRbbU753AettaPZ03ZUnc4XvBlE7+Pc1UggqDYKb\nouEamSN3X8NOzMVWS4ONVLVHlo5PIVvAG7J+ocr3Ft2EdYsdaYeeyQLqzjFCIU8I\nVhsq1qxOVxYAIcOvn8n3roKdDMuVT2fQXzW700BJbN6hf6avqMGnxS8ausKrQvxy\n9V46U0AlOyDqFTvk22q/KhlBqCYgnpJGFFz8CGAkRLVYRtFEaKNT/gQtkbZDbn9O\nnDqfTY3OZ6sPHk1NfY1GIHmRVEFKTp0IOCujzcL+OxpRvw3Tq8Pc7I7zZcT8H4x1\naVXEZmGSeRFMoZrVhrOqwL1aEjL6X3wP+s0uMawciDzgafcRFrskgxEmrpwBDYJu\nvoNQqZeLv16N6YmhkaWfKd1J7c0Mdp12xOEI28T2deRd/WeTRLjGAbhI/hZgMqC7\n/yaQwvICf1pu8cGoejKoJumnuS0uU1y0pF6LFXxD9UxzAKzH/jfbjWJml8mC9UR6\nFGgGAVmsC7s8811pEWpb/oJXjPZ7JMiPJunUPjfjkixhUxrFcZZIpptrwa3DG0fC\nT3giEYlBMpxft5IrzDs8LS9K34wx58lSLeqLc4dUzJVi1e7+LtPs5iM7D0czTCVw\njesAAAc4WGO+BlhjvgYAAAAHc3NoLXJzYQAAAgEAwKboWJ7Xv/qCszdtajw7Ea6d\nAthiw4J45VuDVw5Fs4nSK6Ivoi1a8ZGO+7+NssKWtRbbU753AettaPZ03ZUnc4Xv\nBlE7+Pc1UggqDYKbouEamSN3X8NOzMVWS4ONVLVHlo5PIVvAG7J+ocr3Ft2EdYsd\naYeeyQLqzjFCIU8IVhsq1qxOVxYAIcOvn8n3roKdDMuVT2fQXzW700BJbN6hf6av\nqMGnxS8ausKrQvxy9V46U0AlOyDqFTvk22q/KhlBqCYgnpJGFFz8CGAkRLVYRtFE\naKNT/gQtkbZDbn9OnDqfTY3OZ6sPHk1NfY1GIHmRVEFKTp0IOCujzcL+OxpRvw3T\nq8Pc7I7zZcT8H4x1aVXEZmGSeRFMoZrVhrOqwL1aEjL6X3wP+s0uMawciDzgafcR\nFrskgxEmrpwBDYJuvoNQqZeLv16N6YmhkaWfKd1J7c0Mdp12xOEI28T2deRd/WeT\nRLjGAbhI/hZgMqC7/yaQwvICf1pu8cGoejKoJumnuS0uU1y0pF6LFXxD9UxzAKzH\n/jfbjWJml8mC9UR6FGgGAVmsC7s8811pEWpb/oJXjPZ7JMiPJunUPjfjkixhUxrF\ncZZIpptrwa3DG0fCT3giEYlBMpxft5IrzDs8LS9K34wx58lSLeqLc4dUzJVi1e7+\nLtPs5iM7D0czTCVwjesAAAADAQABAAACACazIKd0uShifVDdCIi3srH5nqbMqwJV\nOk3wlTCuuEe5ntOPD/yHGea+87cUorVPK5ETF1n6P9PN5Duajp1YcgVd2UcumFqJ\n5lclNrViEDum9n3exwMgq7qsxYoD0ic7BzdyPOkZkjy+HXwI1pvsQciO+oiRas88\nW8ix0nP4eVc6u99F27LYw4wE0EnL+4o9yKiiWMsLsqr9k057coSBMHYBGPZQeJA+\nxyLPKjIZnko19Id2skPvd7ZuQqnlBqPBURQjHJheD9/VUfeowIBg4WvQa+qNLLkx\nQ6oqr98JidQOXqPooZbnoPDYXIGlGHo7kXsYZoHmP5lxAsW5rvJWdicOktGAgZ+4\nJIG4Lx4dzn9yvLpAP+4LN21yg//KLQHUdSNQ6LhV4F9twF9nEUhlayo4fOEAgCj8\ndst/Q+hKsx6iMXw3UovhQNId6BaNNDJaPZtstvY73VIbSLbuYL7kmIfpe2JilkGP\nAkgU9UZisBVYoUvJjVZ6GFdRg+PtdBWVNRIPqYq3vlzEvwyC/ZHNw3WtP14Tf8Jj\ntDLShNUyctNTsEmhYeRCXaG2+Q3UE/uLkgJ/ZdtdyzYqIkjSlDW1Ji5Xkji0IqXr\n6TUFYRaI2CPCUN77Of8li9WW3MaBTSiGBcSuRqs24doOPq/wt0R5Buwy6+SkbOuI\noGbJHXnndVBxAAABAQC8ysesnM5kgD/qxX36SWBQYwy4BbxcNN2m0oIaD4jV2qfT\nMqyzQ3nXFwjDEqgumL0Oi49W0F8xgi/rskGA8JRT8VJdke2WXx5FurkOYLGHLlRz\n7kBiWYXjSTjJYH11pkztDPNR9BXjMY6lH6rsC77LExSpJkXfPUkf7UH7DC6CJFaC\neI2kRKwL03EvXMKbAy4lMQ56vh8NC4N26VyM1iYbRII0jPFDrM1GYjvfc5Qn01Fy\nCA7GVQB22YxNkTQE4lISmvTI2p/paTGBPbd4AxIWXtKF+ALCFQZqijTuL3JfNnW3\nnhsOM//7CaxU8pcKF5M1b18+E2QqCALpO71pPY1MAAABAQDRd4mChsdzAcuKiOJy\nF4wZ1MfhyyPbf5dUna/y+/rx3FopovPTIKXIKpTLUYH+ShVmg0zRDoEAFju21t1+\nCB8rwAJkJF4/G0fIGbDq+MdlBAIs2cdrQVRpY78KYkt1F/NGj1M5ptmp42OHPr/P\nltRwQBIOJFTXMn5Uuveopmts4mWoEggFXbR5mlXo5ytYiExrNGaEVEW9B16EIjQ6\nKF0bCXUlaCSASzVoBdqH2Ah7hiar2czzmSeXoYLIZksK6G0eGr6r4WCCVMEBhrwU\ns4Py49RrOinhslDQe8/Da4Mp1QyA+p9kNa/tuBGXu2xL+OqMe904osom1CF9Ko86\ne3iZAAABAQDrcxj0NpSdO4R5jdCZPJGMNCA4cvP/z6IHL8NXuEgIJGj9V8kGjRth\ndj20CR/SNOBicldzaCzfnlzhtw8zaX5vJm8QvLPKIHKvCLv4r5xF1RCzu7LHCKgq\nvdLBn9PqPRqtRSCTHmA1rg5QQaTA9RjO9aiSBPCYdGgwVN+jMD7ME4fkUsrq4/cg\nO7mk3KCp3PyKcB4hcAZ0pklqkH+P1OFZ8diwkfbl+Dc/cMWSxe1wvwqtBIASR+IW\neOltQKQmqpdulkaY5oYo+W1mj3vOGmRpXY9Fy0BaK3HJwA979qn/lQBU3mNL/IZi\n3Hq9lM2BpHcpfjlpAw5nAOjl+OO2fTkjAAAAAAEC\n-----END OPENSSH PRIVATE KEY-----\n",
            "private_key_pem": "-----BEGIN RSA PRIVATE KEY-----\nMIIJKgIBAAKCAgEAwKboWJ7Xv/qCszdtajw7Ea6dAthiw4J45VuDVw5Fs4nSK6Iv\noi1a8ZGO+7+NssKWtRbbU753AettaPZ03ZUnc4XvBlE7+Pc1UggqDYKbouEamSN3\nX8NOzMVWS4ONVLVHlo5PIVvAG7J+ocr3Ft2EdYsdaYeeyQLqzjFCIU8IVhsq1qxO\nVxYAIcOvn8n3roKdDMuVT2fQXzW700BJbN6hf6avqMGnxS8ausKrQvxy9V46U0Al\nOyDqFTvk22q/KhlBqCYgnpJGFFz8CGAkRLVYRtFEaKNT/gQtkbZDbn9OnDqfTY3O\nZ6sPHk1NfY1GIHmRVEFKTp0IOCujzcL+OxpRvw3Tq8Pc7I7zZcT8H4x1aVXEZmGS\neRFMoZrVhrOqwL1aEjL6X3wP+s0uMawciDzgafcRFrskgxEmrpwBDYJuvoNQqZeL\nv16N6YmhkaWfKd1J7c0Mdp12xOEI28T2deRd/WeTRLjGAbhI/hZgMqC7/yaQwvIC\nf1pu8cGoejKoJumnuS0uU1y0pF6LFXxD9UxzAKzH/jfbjWJml8mC9UR6FGgGAVms\nC7s8811pEWpb/oJXjPZ7JMiPJunUPjfjkixhUxrFcZZIpptrwa3DG0fCT3giEYlB\nMpxft5IrzDs8LS9K34wx58lSLeqLc4dUzJVi1e7+LtPs5iM7D0czTCVwjesCAwEA\nAQKCAgAmsyCndLkoYn1Q3QiIt7Kx+Z6mzKsCVTpN8JUwrrhHuZ7Tjw/8hxnmvvO3\nFKK1TyuRExdZ+j/TzeQ7mo6dWHIFXdlHLphaieZXJTa1YhA7pvZ93scDIKu6rMWK\nA9InOwc3cjzpGZI8vh18CNab7EHIjvqIkWrPPFvIsdJz+HlXOrvfRduy2MOMBNBJ\ny/uKPciooljLC7Kq/ZNOe3KEgTB2ARj2UHiQPscizyoyGZ5KNfSHdrJD73e2bkKp\n5QajwVEUIxyYXg/f1VH3qMCAYOFr0GvqjSy5MUOqKq/fCYnUDl6j6KGW56Dw2FyB\npRh6O5F7GGaB5j+ZcQLFua7yVnYnDpLRgIGfuCSBuC8eHc5/cry6QD/uCzdtcoP/\nyi0B1HUjUOi4VeBfbcBfZxFIZWsqOHzhAIAo/HbLf0PoSrMeojF8N1KL4UDSHegW\njTQyWj2bbLb2O91SG0i27mC+5JiH6XtiYpZBjwJIFPVGYrAVWKFLyY1WehhXUYPj\n7XQVlTUSD6mKt75cxL8Mgv2RzcN1rT9eE3/CY7Qy0oTVMnLTU7BJoWHkQl2htvkN\n1BP7i5ICf2XbXcs2KiJI0pQ1tSYuV5I4tCKl6+k1BWEWiNgjwlDe+zn/JYvVltzG\ngU0ohgXErkarNuHaDj6v8LdEeQbsMuvkpGzriKBmyR1553VQcQKCAQEA0XeJgobH\ncwHLiojicheMGdTH4csj23+XVJ2v8vv68dxaKaLz0yClyCqUy1GB/koVZoNM0Q6B\nABY7ttbdfggfK8ACZCRePxtHyBmw6vjHZQQCLNnHa0FUaWO/CmJLdRfzRo9TOabZ\nqeNjhz6/z5bUcEASDiRU1zJ+VLr3qKZrbOJlqBIIBV20eZpV6OcrWIhMazRmhFRF\nvQdehCI0OihdGwl1JWgkgEs1aAXah9gIe4Ymq9nM85knl6GCyGZLCuhtHhq+q+Fg\nglTBAYa8FLOD8uPUazop4bJQ0HvPw2uDKdUMgPqfZDWv7bgRl7tsS/jqjHvdOKLK\nJtQhfSqPOnt4mQKCAQEA63MY9DaUnTuEeY3QmTyRjDQgOHLz/8+iBy/DV7hICCRo\n/VfJBo0bYXY9tAkf0jTgYnJXc2gs355c4bcPM2l+byZvELyzyiByrwi7+K+cRdUQ\ns7uyxwioKr3SwZ/T6j0arUUgkx5gNa4OUEGkwPUYzvWokgTwmHRoMFTfozA+zBOH\n5FLK6uP3IDu5pNygqdz8inAeIXAGdKZJapB/j9ThWfHYsJH25fg3P3DFksXtcL8K\nrQSAEkfiFnjpbUCkJqqXbpZGmOaGKPltZo97zhpkaV2PRctAWitxycAPe/ap/5UA\nVN5jS/yGYtx6vZTNgaR3KX45aQMOZwDo5fjjtn05IwKCAQEAmH+ftFCtqnQ3HI/V\n1NyB2liIgUGkxGwa37bB33RGWYlkdwW04BPXvmgJ1hBsRJbpB6414cnebxLAvLen\nn9cH4pEy7Hdxyh3xX6QcoqUmfcuyTbbrsZFphCTjdArmBsS+D7PPEpz/wOjUkCVF\n/jtARMzQmE0pG1celE9eeQFYGnilK/ycrFNxTkrnmt2aOCVbBX2r2VGFSD6yOB6y\nyViTmFiFWgt8745Rvn7sf5PvcQbU5q51wS/SnFkw3vdiUPmwX4d3I6m82oYb0iGm\nkqezO8VU5A//Z9qrbW2GcC642l7KcKiGHK3dfINTA5WnHZSGJmsTPuV9qVEtZHP0\nvM4hmQKCAQEAiMn+tms7Xjnk1iXxCgXpXXYvPfxzC6zaqqgyKjVzC9/zazRkIz05\nqh7i7ETcyuhTcH6TlgXxBB3iQnRzDWB9xx+iKSwonAbL+irt4iZMeTm3EWS8EexS\nnzpXRoyPtqe3ZvEhYrekF6u+vxvUFxKOTjbkr6jVCw2eNm4o24s9AJ1cNudu4pZ8\nzapFSaWwZd9wjRFkP/LwnTa6soGuyqZYIkRiqvqyYZsape3jq0j4kKc9EZXqvjQr\nAvlOTF3gwGIdxm7iJxTO3uFCkPJNcElfCuQDR/40re5NlnPRyyhcTZOIdMYbFFtq\ny+biHGBmIKqnXGDsA7l11ZvusyUtTqlj1wKCAQEAvMrHrJzOZIA/6sV9+klgUGMM\nuAW8XDTdptKCGg+I1dqn0zKss0N51xcIwxKoLpi9DouPVtBfMYIv67JBgPCUU/FS\nXZHtll8eRbq5DmCxhy5Uc+5AYlmF40k4yWB9daZM7QzzUfQV4zGOpR+q7Au+yxMU\nqSZF3z1JH+1B+wwugiRWgniNpESsC9NxL1zCmwMuJTEOer4fDQuDdulcjNYmG0SC\nNIzxQ6zNRmI733OUJ9NRcggOxlUAdtmMTZE0BOJSEpr0yNqf6WkxgT23eAMSFl7S\nhfgCwhUGaoo07i9yXzZ1t54bDjP/+wmsVPKXCheTNW9fPhNkKggC6Tu9aT2NTA==\n-----END RSA PRIVATE KEY-----\n",
            "private_key_pem_pkcs8": "-----BEGIN PRIVATE KEY-----\nMIIJRAIBADANBgkqhkiG9w0BAQEFAASCCS4wggkqAgEAAoICAQDApuhYnte/+oKz\nN21qPDsRrp0C2GLDgnjlW4NXDkWzidIroi+iLVrxkY77v42ywpa1FttTvncB621o\n9nTdlSdzhe8GUTv49zVSCCoNgpui4RqZI3dfw07MxVZLg41UtUeWjk8hW8Absn6h\nyvcW3YR1ix1ph57JAurOMUIhTwhWGyrWrE5XFgAhw6+fyfeugp0My5VPZ9BfNbvT\nQEls3qF/pq+owafFLxq6wqtC/HL1XjpTQCU7IOoVO+Tbar8qGUGoJiCekkYUXPwI\nYCREtVhG0URoo1P+BC2RtkNuf06cOp9Njc5nqw8eTU19jUYgeZFUQUpOnQg4K6PN\nwv47GlG/DdOrw9zsjvNlxPwfjHVpVcRmYZJ5EUyhmtWGs6rAvVoSMvpffA/6zS4x\nrByIPOBp9xEWuySDESaunAENgm6+g1Cpl4u/Xo3piaGRpZ8p3UntzQx2nXbE4Qjb\nxPZ15F39Z5NEuMYBuEj+FmAyoLv/JpDC8gJ/Wm7xwah6Mqgm6ae5LS5TXLSkXosV\nfEP1THMArMf+N9uNYmaXyYL1RHoUaAYBWawLuzzzXWkRalv+gleM9nskyI8m6dQ+\nN+OSLGFTGsVxlkimm2vBrcMbR8JPeCIRiUEynF+3kivMOzwtL0rfjDHnyVIt6otz\nh1TMlWLV7v4u0+zmIzsPRzNMJXCN6wIDAQABAoICACazIKd0uShifVDdCIi3srH5\nnqbMqwJVOk3wlTCuuEe5ntOPD/yHGea+87cUorVPK5ETF1n6P9PN5Duajp1YcgVd\n2UcumFqJ5lclNrViEDum9n3exwMgq7qsxYoD0ic7BzdyPOkZkjy+HXwI1pvsQciO\n+oiRas88W8ix0nP4eVc6u99F27LYw4wE0EnL+4o9yKiiWMsLsqr9k057coSBMHYB\nGPZQeJA+xyLPKjIZnko19Id2skPvd7ZuQqnlBqPBURQjHJheD9/VUfeowIBg4WvQ\na+qNLLkxQ6oqr98JidQOXqPooZbnoPDYXIGlGHo7kXsYZoHmP5lxAsW5rvJWdicO\nktGAgZ+4JIG4Lx4dzn9yvLpAP+4LN21yg//KLQHUdSNQ6LhV4F9twF9nEUhlayo4\nfOEAgCj8dst/Q+hKsx6iMXw3UovhQNId6BaNNDJaPZtstvY73VIbSLbuYL7kmIfp\ne2JilkGPAkgU9UZisBVYoUvJjVZ6GFdRg+PtdBWVNRIPqYq3vlzEvwyC/ZHNw3Wt\nP14Tf8JjtDLShNUyctNTsEmhYeRCXaG2+Q3UE/uLkgJ/ZdtdyzYqIkjSlDW1Ji5X\nkji0IqXr6TUFYRaI2CPCUN77Of8li9WW3MaBTSiGBcSuRqs24doOPq/wt0R5Buwy\n6+SkbOuIoGbJHXnndVBxAoIBAQDRd4mChsdzAcuKiOJyF4wZ1MfhyyPbf5dUna/y\n+/rx3FopovPTIKXIKpTLUYH+ShVmg0zRDoEAFju21t1+CB8rwAJkJF4/G0fIGbDq\n+MdlBAIs2cdrQVRpY78KYkt1F/NGj1M5ptmp42OHPr/PltRwQBIOJFTXMn5Uuveo\npmts4mWoEggFXbR5mlXo5ytYiExrNGaEVEW9B16EIjQ6KF0bCXUlaCSASzVoBdqH\n2Ah7hiar2czzmSeXoYLIZksK6G0eGr6r4WCCVMEBhrwUs4Py49RrOinhslDQe8/D\na4Mp1QyA+p9kNa/tuBGXu2xL+OqMe904osom1CF9Ko86e3iZAoIBAQDrcxj0NpSd\nO4R5jdCZPJGMNCA4cvP/z6IHL8NXuEgIJGj9V8kGjRthdj20CR/SNOBicldzaCzf\nnlzhtw8zaX5vJm8QvLPKIHKvCLv4r5xF1RCzu7LHCKgqvdLBn9PqPRqtRSCTHmA1\nrg5QQaTA9RjO9aiSBPCYdGgwVN+jMD7ME4fkUsrq4/cgO7mk3KCp3PyKcB4hcAZ0\npklqkH+P1OFZ8diwkfbl+Dc/cMWSxe1wvwqtBIASR+IWeOltQKQmqpdulkaY5oYo\n+W1mj3vOGmRpXY9Fy0BaK3HJwA979qn/lQBU3mNL/IZi3Hq9lM2BpHcpfjlpAw5n\nAOjl+OO2fTkjAoIBAQCYf5+0UK2qdDccj9XU3IHaWIiBQaTEbBrftsHfdEZZiWR3\nBbTgE9e+aAnWEGxElukHrjXhyd5vEsC8t6ef1wfikTLsd3HKHfFfpByipSZ9y7JN\ntuuxkWmEJON0CuYGxL4Ps88SnP/A6NSQJUX+O0BEzNCYTSkbVx6UT155AVgaeKUr\n/JysU3FOSuea3Zo4JVsFfavZUYVIPrI4HrLJWJOYWIVaC3zvjlG+fux/k+9xBtTm\nrnXBL9KcWTDe92JQ+bBfh3cjqbzahhvSIaaSp7M7xVTkD/9n2qttbYZwLrjaXspw\nqIYcrd18g1MDlacdlIYmaxM+5X2pUS1kc/S8ziGZAoIBAQCIyf62azteOeTWJfEK\nBelddi89/HMLrNqqqDIqNXML3/NrNGQjPTmqHuLsRNzK6FNwfpOWBfEEHeJCdHMN\nYH3HH6IpLCicBsv6Ku3iJkx5ObcRZLwR7FKfOldGjI+2p7dm8SFit6QXq76/G9QX\nEo5ONuSvqNULDZ42bijbiz0AnVw2527ilnzNqkVJpbBl33CNEWQ/8vCdNrqyga7K\nplgiRGKq+rJhmxql7eOrSPiQpz0Rleq+NCsC+U5MXeDAYh3GbuInFM7e4UKQ8k1w\nSV8K5ANH/jSt7k2Wc9HLKFxNk4h0xhsUW2rL5uIcYGYgqqdcYOwDuXXVm+6zJS1O\nqWPXAoIBAQC8ysesnM5kgD/qxX36SWBQYwy4BbxcNN2m0oIaD4jV2qfTMqyzQ3nX\nFwjDEqgumL0Oi49W0F8xgi/rskGA8JRT8VJdke2WXx5FurkOYLGHLlRz7kBiWYXj\nSTjJYH11pkztDPNR9BXjMY6lH6rsC77LExSpJkXfPUkf7UH7DC6CJFaCeI2kRKwL\n03EvXMKbAy4lMQ56vh8NC4N26VyM1iYbRII0jPFDrM1GYjvfc5Qn01FyCA7GVQB2\n2YxNkTQE4lISmvTI2p/paTGBPbd4AxIWXtKF+ALCFQZqijTuL3JfNnW3nhsOM//7\nCaxU8pcKF5M1b18+E2QqCALpO71pPY1M\n-----END PRIVATE KEY-----\n",
            "public_key_fingerprint_md5": "69:74:e0:c5:d8:99:72:8b:a2:ee:0c:c8:e6:b3:4d:a9",
            "public_key_fingerprint_sha256": "SHA256:rUTlEEYLa/XJTzmpnoGsD7xoEA+y6RA8vDyPe2S0EYI",
            "public_key_openssh": "ssh-rsa AAAAB3NzaC1yc2EAAAADAQABAAACAQDApuhYnte/+oKzN21qPDsRrp0C2GLDgnjlW4NXDkWzidIroi+iLVrxkY77v42ywpa1FttTvncB621o9nTdlSdzhe8GUTv49zVSCCoNgpui4RqZI3dfw07MxVZLg41UtUeWjk8hW8Absn6hyvcW3YR1ix1ph57JAurOMUIhTwhWGyrWrE5XFgAhw6+fyfeugp0My5VPZ9BfNbvTQEls3qF/pq+owafFLxq6wqtC/HL1XjpTQCU7IOoVO+Tbar8qGUGoJiCekkYUXPwIYCREtVhG0URoo1P+BC2RtkNuf06cOp9Njc5nqw8eTU19jUYgeZFUQUpOnQg4K6PNwv47GlG/DdOrw9zsjvNlxPwfjHVpVcRmYZJ5EUyhmtWGs6rAvVoSMvpffA/6zS4xrByIPOBp9xEWuySDESaunAENgm6+g1Cpl4u/Xo3piaGRpZ8p3UntzQx2nXbE4QjbxPZ15F39Z5NEuMYBuEj+FmAyoLv/JpDC8gJ/Wm7xwah6Mqgm6ae5LS5TXLSkXosVfEP1THMArMf+N9uNYmaXyYL1RHoUaAYBWawLuzzzXWkRalv+gleM9nskyI8m6dQ+N+OSLGFTGsVxlkimm2vBrcMbR8JPeCIRiUEynF+3kivMOzwtL0rfjDHnyVIt6otzh1TMlWLV7v4u0+zmIzsPRzNMJXCN6w==\n",
            "public_key_pem": "-----BEGIN PUBLIC KEY-----\nMIICIjANBgkqhkiG9w0BAQEFAAOCAg8AMIICCgKCAgEAwKboWJ7Xv/qCszdtajw7\nEa6dAthiw4J45VuDVw5Fs4nSK6Ivoi1a8ZGO+7+NssKWtRbbU753AettaPZ03ZUn\nc4XvBlE7+Pc1UggqDYKbouEamSN3X8NOzMVWS4ONVLVHlo5PIVvAG7J+ocr3Ft2E\ndYsdaYeeyQLqzjFCIU8IVhsq1qxOVxYAIcOvn8n3roKdDMuVT2fQXzW700BJbN6h\nf6avqMGnxS8ausKrQvxy9V46U0AlOyDqFTvk22q/KhlBqCYgnpJGFFz8CGAkRLVY\nRtFEaKNT/gQtkbZDbn9OnDqfTY3OZ6sPHk1NfY1GIHmRVEFKTp0IOCujzcL+OxpR\nvw3Tq8Pc7I7zZcT8H4x1aVXEZmGSeRFMoZrVhrOqwL1aEjL6X3wP+s0uMawciDzg\nafcRFrskgxEmrpwBDYJuvoNQqZeLv16N6YmhkaWfKd1J7c0Mdp12xOEI28T2deRd\n/WeTRLjGAbhI/hZgMqC7/yaQwvICf1pu8cGoejKoJumnuS0uU1y0pF6LFXxD9Uxz\nAKzH/jfbjWJml8mC9UR6FGgGAVmsC7s8811pEWpb/oJXjPZ7JMiPJunUPjfjkixh\nUxrFcZZIpptrwa3DG0fCT3giEYlBMpxft5IrzDs8LS9K34wx58lSLeqLc4dUzJVi\n1e7+LtPs5iM7D0czTCVwjesCAwEAAQ==\n-----END PUBLIC KEY-----\n",
            "rsa_bits": 4096
          },
          "sensitive_attributes": [
            [
              {
                "type": "get_attr",
                "value": "private_key_openssh"
              }
            ],
            [
              {
                "type": "get_attr",
                "value": "private_key_pem"
              }
            ],
            [
              {
                "type": "get_attr",
                "value": "private_key_pem_pkcs8"
              }
            ]
          ],
          "identity_schema_version": 0
        }
      ]
    }
  ],
  "check_results": null
}
